// !$*UTF8*$!
{
	archiveVersion = 1;
	classes = {
	};
	objectVersion = 46;
	objects = {

/* Begin PBXBuildFile section */
		A724B725215101AB0050CEBC /* UIImageView+SYWebImageView.m in Sources */ = {isa = PBXBuildFile; fileRef = A724B724215101AB0050CEBC /* UIImageView+SYWebImageView.m */; };
		A76379C01EA0AFE00096433D /* main.m in Sources */ = {isa = PBXBuildFile; fileRef = A76379BF1EA0AFE00096433D /* main.m */; };
		A76379C31EA0AFE00096433D /* AppDelegate.m in Sources */ = {isa = PBXBuildFile; fileRef = A76379C21EA0AFE00096433D /* AppDelegate.m */; };
		A76379C61EA0AFE00096433D /* ViewController.m in Sources */ = {isa = PBXBuildFile; fileRef = A76379C51EA0AFE00096433D /* ViewController.m */; };
		A76379CB1EA0AFE00096433D /* Assets.xcassets in Resources */ = {isa = PBXBuildFile; fileRef = A76379CA1EA0AFE00096433D /* Assets.xcassets */; };
		A76379CE1EA0AFE00096433D /* LaunchScreen.storyboard in Resources */ = {isa = PBXBuildFile; fileRef = A76379CC1EA0AFE00096433D /* LaunchScreen.storyboard */; };
		A76379D91EA0AFE00096433D /* DemoSYToolsTests.m in Sources */ = {isa = PBXBuildFile; fileRef = A76379D81EA0AFE00096433D /* DemoSYToolsTests.m */; };
		A76379E41EA0AFE00096433D /* DemoSYToolsUITests.m in Sources */ = {isa = PBXBuildFile; fileRef = A76379E31EA0AFE00096433D /* DemoSYToolsUITests.m */; };
		A771D44520BBFBF300E0343A /* README.md in Resources */ = {isa = PBXBuildFile; fileRef = A771D3CD20BBFBF300E0343A /* README.md */; };
		A771D44620BBFBF300E0343A /* NSArray+SYCategory.m in Sources */ = {isa = PBXBuildFile; fileRef = A771D3D120BBFBF300E0343A /* NSArray+SYCategory.m */; };
		A771D44720BBFBF300E0343A /* NSAttributedString+SYCategory.m in Sources */ = {isa = PBXBuildFile; fileRef = A771D3D320BBFBF300E0343A /* NSAttributedString+SYCategory.m */; };
		A771D44820BBFBF300E0343A /* NSDate+SYCategory.m in Sources */ = {isa = PBXBuildFile; fileRef = A771D3D520BBFBF300E0343A /* NSDate+SYCategory.m */; };
		A771D44920BBFBF300E0343A /* NSDictionary+SYCategory.m in Sources */ = {isa = PBXBuildFile; fileRef = A771D3D720BBFBF300E0343A /* NSDictionary+SYCategory.m */; };
		A771D44A20BBFBF300E0343A /* NSFileHandle+SYCategory.m in Sources */ = {isa = PBXBuildFile; fileRef = A771D3D920BBFBF300E0343A /* NSFileHandle+SYCategory.m */; };
		A771D44B20BBFBF300E0343A /* NSFileManager+iCloud.m in Sources */ = {isa = PBXBuildFile; fileRef = A771D3DB20BBFBF300E0343A /* NSFileManager+iCloud.m */; };
		A771D44C20BBFBF300E0343A /* NSFileManager+SYCategory.m in Sources */ = {isa = PBXBuildFile; fileRef = A771D3DD20BBFBF300E0343A /* NSFileManager+SYCategory.m */; };
		A771D44D20BBFBF300E0343A /* NSMutableArray+SYCategory.m in Sources */ = {isa = PBXBuildFile; fileRef = A771D3DF20BBFBF300E0343A /* NSMutableArray+SYCategory.m */; };
		A771D44E20BBFBF300E0343A /* NSMutableDictionary+SYCategory.m in Sources */ = {isa = PBXBuildFile; fileRef = A771D3E120BBFBF300E0343A /* NSMutableDictionary+SYCategory.m */; };
		A771D44F20BBFBF300E0343A /* NSMutableString+SYCategory.m in Sources */ = {isa = PBXBuildFile; fileRef = A771D3E320BBFBF300E0343A /* NSMutableString+SYCategory.m */; };
		A771D45020BBFBF300E0343A /* NSNotificationCenter+SYCategory.m in Sources */ = {isa = PBXBuildFile; fileRef = A771D3E520BBFBF300E0343A /* NSNotificationCenter+SYCategory.m */; };
		A771D45120BBFBF300E0343A /* NSNumber+SYCategory.m in Sources */ = {isa = PBXBuildFile; fileRef = A771D3E720BBFBF300E0343A /* NSNumber+SYCategory.m */; };
		A771D45220BBFBF300E0343A /* NSObject+SYCategory.m in Sources */ = {isa = PBXBuildFile; fileRef = A771D3E920BBFBF300E0343A /* NSObject+SYCategory.m */; };
		A771D45320BBFBF300E0343A /* NSObject+SYKVO.m in Sources */ = {isa = PBXBuildFile; fileRef = A771D3EB20BBFBF300E0343A /* NSObject+SYKVO.m */; };
		A771D45420BBFBF300E0343A /* NSPredicate+SYCategory.m in Sources */ = {isa = PBXBuildFile; fileRef = A771D3ED20BBFBF300E0343A /* NSPredicate+SYCategory.m */; };
		A771D45520BBFBF300E0343A /* NSStream+SYCategory.m in Sources */ = {isa = PBXBuildFile; fileRef = A771D3EF20BBFBF300E0343A /* NSStream+SYCategory.m */; };
		A771D45620BBFBF300E0343A /* NSString+SYCategory.m in Sources */ = {isa = PBXBuildFile; fileRef = A771D3F120BBFBF300E0343A /* NSString+SYCategory.m */; };
		A771D45720BBFBF300E0343A /* NSString+SYHtml.m in Sources */ = {isa = PBXBuildFile; fileRef = A771D3F320BBFBF300E0343A /* NSString+SYHtml.m */; };
		A771D45820BBFBF300E0343A /* NSString+SYJSON.m in Sources */ = {isa = PBXBuildFile; fileRef = A771D3F520BBFBF300E0343A /* NSString+SYJSON.m */; };
		A771D45920BBFBF300E0343A /* NSString+SYNetwork.m in Sources */ = {isa = PBXBuildFile; fileRef = A771D3F720BBFBF300E0343A /* NSString+SYNetwork.m */; };
		A771D45A20BBFBF300E0343A /* NSString+SYRegular.m in Sources */ = {isa = PBXBuildFile; fileRef = A771D3F920BBFBF300E0343A /* NSString+SYRegular.m */; };
		A771D45B20BBFBF300E0343A /* NSString+SYUUID.m in Sources */ = {isa = PBXBuildFile; fileRef = A771D3FB20BBFBF300E0343A /* NSString+SYUUID.m */; };
		A771D45C20BBFBF300E0343A /* NSTimer+SYCategory.m in Sources */ = {isa = PBXBuildFile; fileRef = A771D3FD20BBFBF300E0343A /* NSTimer+SYCategory.m */; };
		A771D45D20BBFBF300E0343A /* NSURLConnection+SYCategory.m in Sources */ = {isa = PBXBuildFile; fileRef = A771D3FF20BBFBF300E0343A /* NSURLConnection+SYCategory.m */; };
		A771D45E20BBFBF300E0343A /* NSUserDefaults+SYCategory.m in Sources */ = {isa = PBXBuildFile; fileRef = A771D40120BBFBF300E0343A /* NSUserDefaults+SYCategory.m */; };
		A771D45F20BBFBF300E0343A /* UIActionSheet+SYCategory.m in Sources */ = {isa = PBXBuildFile; fileRef = A771D40520BBFBF300E0343A /* UIActionSheet+SYCategory.m */; };
		A771D46020BBFBF300E0343A /* UIAlertController+SYCategory.m in Sources */ = {isa = PBXBuildFile; fileRef = A771D40720BBFBF300E0343A /* UIAlertController+SYCategory.m */; };
		A771D46120BBFBF300E0343A /* UIAlertView+SYCategory.m in Sources */ = {isa = PBXBuildFile; fileRef = A771D40920BBFBF300E0343A /* UIAlertView+SYCategory.m */; };
		A771D46220BBFBF300E0343A /* UIBarButtonItem+SYCategory.m in Sources */ = {isa = PBXBuildFile; fileRef = A771D40B20BBFBF300E0343A /* UIBarButtonItem+SYCategory.m */; };
		A771D46320BBFBF300E0343A /* UIButton+SYCategory.m in Sources */ = {isa = PBXBuildFile; fileRef = A771D40D20BBFBF300E0343A /* UIButton+SYCategory.m */; };
		A771D46420BBFBF300E0343A /* UICollectionView+SYCategory.m in Sources */ = {isa = PBXBuildFile; fileRef = A771D40F20BBFBF300E0343A /* UICollectionView+SYCategory.m */; };
		A771D46520BBFBF300E0343A /* UIColor+SYCategory.m in Sources */ = {isa = PBXBuildFile; fileRef = A771D41120BBFBF300E0343A /* UIColor+SYCategory.m */; };
		A771D46620BBFBF300E0343A /* UIDocument+SYCategory.m in Sources */ = {isa = PBXBuildFile; fileRef = A771D41320BBFBF300E0343A /* UIDocument+SYCategory.m */; };
		A771D46720BBFBF300E0343A /* UIGestureRecognizer+SYCategory.m in Sources */ = {isa = PBXBuildFile; fileRef = A771D41520BBFBF300E0343A /* UIGestureRecognizer+SYCategory.m */; };
		A771D46820BBFBF300E0343A /* UIImage+SYAssetsLibrary.m in Sources */ = {isa = PBXBuildFile; fileRef = A771D41720BBFBF300E0343A /* UIImage+SYAssetsLibrary.m */; };
		A771D46920BBFBF300E0343A /* UIImage+SYBytes.m in Sources */ = {isa = PBXBuildFile; fileRef = A771D41920BBFBF300E0343A /* UIImage+SYBytes.m */; };
		A771D46A20BBFBF300E0343A /* UIImage+SYCategory.m in Sources */ = {isa = PBXBuildFile; fileRef = A771D41B20BBFBF300E0343A /* UIImage+SYCategory.m */; };
		A771D46B20BBFBF300E0343A /* UIImage+SYFilter.m in Sources */ = {isa = PBXBuildFile; fileRef = A771D41D20BBFBF300E0343A /* UIImage+SYFilter.m */; };
		A771D46C20BBFBF300E0343A /* UIImagePickerController+SYCategory.m in Sources */ = {isa = PBXBuildFile; fileRef = A771D41F20BBFBF300E0343A /* UIImagePickerController+SYCategory.m */; };
		A771D46D20BBFBF300E0343A /* UIImageView+SYCategory.m in Sources */ = {isa = PBXBuildFile; fileRef = A771D42120BBFBF300E0343A /* UIImageView+SYCategory.m */; };
		A771D46E20BBFBF300E0343A /* UILabel+SYCategory.m in Sources */ = {isa = PBXBuildFile; fileRef = A771D42320BBFBF300E0343A /* UILabel+SYCategory.m */; };
		A771D46F20BBFBF300E0343A /* UINavigationController+SYCategory.m in Sources */ = {isa = PBXBuildFile; fileRef = A771D42520BBFBF300E0343A /* UINavigationController+SYCategory.m */; };
		A771D47020BBFBF300E0343A /* UIScrollView+SYCategory.m in Sources */ = {isa = PBXBuildFile; fileRef = A771D42720BBFBF300E0343A /* UIScrollView+SYCategory.m */; };
		A771D47120BBFBF300E0343A /* UISegmentedControl+SYCategory.m in Sources */ = {isa = PBXBuildFile; fileRef = A771D42920BBFBF300E0343A /* UISegmentedControl+SYCategory.m */; };
		A771D47220BBFBF300E0343A /* UISlider+SYCategory.m in Sources */ = {isa = PBXBuildFile; fileRef = A771D42B20BBFBF300E0343A /* UISlider+SYCategory.m */; };
		A771D47320BBFBF300E0343A /* UISwitch+SYCategory.m in Sources */ = {isa = PBXBuildFile; fileRef = A771D42D20BBFBF300E0343A /* UISwitch+SYCategory.m */; };
		A771D47420BBFBF300E0343A /* UITabBarController+SYCategory.m in Sources */ = {isa = PBXBuildFile; fileRef = A771D42F20BBFBF300E0343A /* UITabBarController+SYCategory.m */; };
		A771D47520BBFBF300E0343A /* UITableView+SYCategory.m in Sources */ = {isa = PBXBuildFile; fileRef = A771D43120BBFBF300E0343A /* UITableView+SYCategory.m */; };
		A771D47620BBFBF300E0343A /* UITableViewCell+SYCategory.m in Sources */ = {isa = PBXBuildFile; fileRef = A771D43320BBFBF300E0343A /* UITableViewCell+SYCategory.m */; };
		A771D47720BBFBF300E0343A /* UITextField+SYCategory.m in Sources */ = {isa = PBXBuildFile; fileRef = A771D43520BBFBF300E0343A /* UITextField+SYCategory.m */; };
		A771D47820BBFBF300E0343A /* UITextView+SYCategory.m in Sources */ = {isa = PBXBuildFile; fileRef = A771D43720BBFBF300E0343A /* UITextView+SYCategory.m */; };
		A771D47920BBFBF300E0343A /* UIView+Status.m in Sources */ = {isa = PBXBuildFile; fileRef = A771D43920BBFBF300E0343A /* UIView+Status.m */; };
		A771D47A20BBFBF300E0343A /* UIView+SYCategory.m in Sources */ = {isa = PBXBuildFile; fileRef = A771D43B20BBFBF300E0343A /* UIView+SYCategory.m */; };
		A771D47B20BBFBF300E0343A /* UIView+SYRecognizer.m in Sources */ = {isa = PBXBuildFile; fileRef = A771D43D20BBFBF300E0343A /* UIView+SYRecognizer.m */; };
		A771D47C20BBFBF300E0343A /* UIViewController+SYCategory.m in Sources */ = {isa = PBXBuildFile; fileRef = A771D43F20BBFBF300E0343A /* UIViewController+SYCategory.m */; };
		A771D47D20BBFBF300E0343A /* SYNavigationBackImage.png in Resources */ = {isa = PBXBuildFile; fileRef = A771D44220BBFBF300E0343A /* SYNavigationBackImage.png */; };
		A771D47E20BBFBF300E0343A /* SYNavigationBackImage@2x.png in Resources */ = {isa = PBXBuildFile; fileRef = A771D44320BBFBF300E0343A /* SYNavigationBackImage@2x.png */; };
		A771D47F20BBFBF300E0343A /* SYNavigationBackImage@3x.png in Resources */ = {isa = PBXBuildFile; fileRef = A771D44420BBFBF300E0343A /* SYNavigationBackImage@3x.png */; };
		A771D48220BBFC3F00E0343A /* SYCacheManager.m in Sources */ = {isa = PBXBuildFile; fileRef = A771D48020BBFC3F00E0343A /* SYCacheManager.m */; };
		A771D48C20BBFE5300E0343A /* SandboxFile.m in Sources */ = {isa = PBXBuildFile; fileRef = A771D48A20BBFE5300E0343A /* SandboxFile.m */; };
		A7B0C81B1F7B472C003BB596 /* MD5Secure.m in Sources */ = {isa = PBXBuildFile; fileRef = A7B0C7C31F7B472C003BB596 /* MD5Secure.m */; };
		A7B0C81E1F7B472C003BB596 /* SYFMDBManager.m in Sources */ = {isa = PBXBuildFile; fileRef = A7B0C7CC1F7B472C003BB596 /* SYFMDBManager.m */; };
		A7B0C81F1F7B472C003BB596 /* SYNetworkCache.m in Sources */ = {isa = PBXBuildFile; fileRef = A7B0C7CE1F7B472C003BB596 /* SYNetworkCache.m */; };
		A7B0C8201F7B472C003BB596 /* HUDManager.m in Sources */ = {isa = PBXBuildFile; fileRef = A7B0C7D11F7B472C003BB596 /* HUDManager.m */; };
		A7B0C8221F7B472C003BB596 /* MJDIYRefreshFooter.m in Sources */ = {isa = PBXBuildFile; fileRef = A7B0C7D61F7B472C003BB596 /* MJDIYRefreshFooter.m */; };
		A7B0C8231F7B472C003BB596 /* MJDIYRefreshHeader.m in Sources */ = {isa = PBXBuildFile; fileRef = A7B0C7D81F7B472C003BB596 /* MJDIYRefreshHeader.m */; };
		A7B0C8241F7B472C003BB596 /* SYNetworkRequest.m in Sources */ = {isa = PBXBuildFile; fileRef = A7B0C7DB1F7B472C003BB596 /* SYNetworkRequest.m */; };
		A7B0C8251F7B472C003BB596 /* SYCollectionView.m in Sources */ = {isa = PBXBuildFile; fileRef = A7B0C7DF1F7B472C003BB596 /* SYCollectionView.m */; };
		A7B0C8351F7B472C003BB596 /* SYTableView.m in Sources */ = {isa = PBXBuildFile; fileRef = A7B0C8061F7B472C003BB596 /* SYTableView.m */; };
		A7B0C8361F7B472C003BB596 /* SYTextField.m in Sources */ = {isa = PBXBuildFile; fileRef = A7B0C8081F7B472C003BB596 /* SYTextField.m */; };
		A7B0C8371F7B472C003BB596 /* SYTextView.m in Sources */ = {isa = PBXBuildFile; fileRef = A7B0C80A1F7B472C003BB596 /* SYTextView.m */; };
		A7B0C83C1F7B472C003BB596 /* SYWebView.m in Sources */ = {isa = PBXBuildFile; fileRef = A7B0C8171F7B472C003BB596 /* SYWebView.m */; };
		BF1079CAF7851EDCDE202C98 /* Pods_DemoSYTools.framework in Frameworks */ = {isa = PBXBuildFile; fileRef = 9662A0B4513F0B385BB6CBEB /* Pods_DemoSYTools.framework */; };
/* End PBXBuildFile section */

/* Begin PBXContainerItemProxy section */
		A76379D51EA0AFE00096433D /* PBXContainerItemProxy */ = {
			isa = PBXContainerItemProxy;
			containerPortal = A76379B31EA0AFE00096433D /* Project object */;
			proxyType = 1;
			remoteGlobalIDString = A76379BA1EA0AFE00096433D;
			remoteInfo = DemoSYTools;
		};
		A76379E01EA0AFE00096433D /* PBXContainerItemProxy */ = {
			isa = PBXContainerItemProxy;
			containerPortal = A76379B31EA0AFE00096433D /* Project object */;
			proxyType = 1;
			remoteGlobalIDString = A76379BA1EA0AFE00096433D;
			remoteInfo = DemoSYTools;
		};
/* End PBXContainerItemProxy section */

/* Begin PBXFileReference section */
		427B7E03F7C94D6140E69FA6 /* Pods-DemoSYTools.debug.xcconfig */ = {isa = PBXFileReference; includeInIndex = 1; lastKnownFileType = text.xcconfig; name = "Pods-DemoSYTools.debug.xcconfig"; path = "Pods/Target Support Files/Pods-DemoSYTools/Pods-DemoSYTools.debug.xcconfig"; sourceTree = "<group>"; };
		9662A0B4513F0B385BB6CBEB /* Pods_DemoSYTools.framework */ = {isa = PBXFileReference; explicitFileType = wrapper.framework; includeInIndex = 0; path = Pods_DemoSYTools.framework; sourceTree = BUILT_PRODUCTS_DIR; };
		A724B723215101AB0050CEBC /* UIImageView+SYWebImageView.h */ = {isa = PBXFileReference; fileEncoding = 4; lastKnownFileType = sourcecode.c.h; path = "UIImageView+SYWebImageView.h"; sourceTree = "<group>"; };
		A724B724215101AB0050CEBC /* UIImageView+SYWebImageView.m */ = {isa = PBXFileReference; fileEncoding = 4; lastKnownFileType = sourcecode.c.objc; path = "UIImageView+SYWebImageView.m"; sourceTree = "<group>"; };
		A76379BB1EA0AFE00096433D /* DemoSYTools.app */ = {isa = PBXFileReference; explicitFileType = wrapper.application; includeInIndex = 0; path = DemoSYTools.app; sourceTree = BUILT_PRODUCTS_DIR; };
		A76379BF1EA0AFE00096433D /* main.m */ = {isa = PBXFileReference; lastKnownFileType = sourcecode.c.objc; path = main.m; sourceTree = "<group>"; };
		A76379C11EA0AFE00096433D /* AppDelegate.h */ = {isa = PBXFileReference; lastKnownFileType = sourcecode.c.h; path = AppDelegate.h; sourceTree = "<group>"; };
		A76379C21EA0AFE00096433D /* AppDelegate.m */ = {isa = PBXFileReference; lastKnownFileType = sourcecode.c.objc; path = AppDelegate.m; sourceTree = "<group>"; };
		A76379C41EA0AFE00096433D /* ViewController.h */ = {isa = PBXFileReference; lastKnownFileType = sourcecode.c.h; path = ViewController.h; sourceTree = "<group>"; };
		A76379C51EA0AFE00096433D /* ViewController.m */ = {isa = PBXFileReference; lastKnownFileType = sourcecode.c.objc; path = ViewController.m; sourceTree = "<group>"; };
		A76379CA1EA0AFE00096433D /* Assets.xcassets */ = {isa = PBXFileReference; lastKnownFileType = folder.assetcatalog; path = Assets.xcassets; sourceTree = "<group>"; };
		A76379CD1EA0AFE00096433D /* Base */ = {isa = PBXFileReference; lastKnownFileType = file.storyboard; name = Base; path = Base.lproj/LaunchScreen.storyboard; sourceTree = "<group>"; };
		A76379CF1EA0AFE00096433D /* Info.plist */ = {isa = PBXFileReference; lastKnownFileType = text.plist.xml; path = Info.plist; sourceTree = "<group>"; };
		A76379D41EA0AFE00096433D /* DemoSYToolsTests.xctest */ = {isa = PBXFileReference; explicitFileType = wrapper.cfbundle; includeInIndex = 0; path = DemoSYToolsTests.xctest; sourceTree = BUILT_PRODUCTS_DIR; };
		A76379D81EA0AFE00096433D /* DemoSYToolsTests.m */ = {isa = PBXFileReference; lastKnownFileType = sourcecode.c.objc; path = DemoSYToolsTests.m; sourceTree = "<group>"; };
		A76379DA1EA0AFE00096433D /* Info.plist */ = {isa = PBXFileReference; lastKnownFileType = text.plist.xml; path = Info.plist; sourceTree = "<group>"; };
		A76379DF1EA0AFE00096433D /* DemoSYToolsUITests.xctest */ = {isa = PBXFileReference; explicitFileType = wrapper.cfbundle; includeInIndex = 0; path = DemoSYToolsUITests.xctest; sourceTree = BUILT_PRODUCTS_DIR; };
		A76379E31EA0AFE00096433D /* DemoSYToolsUITests.m */ = {isa = PBXFileReference; lastKnownFileType = sourcecode.c.objc; path = DemoSYToolsUITests.m; sourceTree = "<group>"; };
		A76379E51EA0AFE00096433D /* Info.plist */ = {isa = PBXFileReference; lastKnownFileType = text.plist.xml; path = Info.plist; sourceTree = "<group>"; };
		A771D3C820BBF88100E0343A /* SYNetworkAFHTTPSessionManager.h */ = {isa = PBXFileReference; fileEncoding = 4; lastKnownFileType = sourcecode.c.h; path = SYNetworkAFHTTPSessionManager.h; sourceTree = "<group>"; };
		A771D3CD20BBFBF300E0343A /* README.md */ = {isa = PBXFileReference; fileEncoding = 4; lastKnownFileType = net.daringfireball.markdown; path = README.md; sourceTree = "<group>"; };
		A771D3CE20BBFBF300E0343A /* SYCategory.h */ = {isa = PBXFileReference; fileEncoding = 4; lastKnownFileType = sourcecode.c.h; path = SYCategory.h; sourceTree = "<group>"; };
		A771D3D020BBFBF300E0343A /* NSArray+SYCategory.h */ = {isa = PBXFileReference; fileEncoding = 4; lastKnownFileType = sourcecode.c.h; path = "NSArray+SYCategory.h"; sourceTree = "<group>"; };
		A771D3D120BBFBF300E0343A /* NSArray+SYCategory.m */ = {isa = PBXFileReference; fileEncoding = 4; lastKnownFileType = sourcecode.c.objc; path = "NSArray+SYCategory.m"; sourceTree = "<group>"; };
		A771D3D220BBFBF300E0343A /* NSAttributedString+SYCategory.h */ = {isa = PBXFileReference; fileEncoding = 4; lastKnownFileType = sourcecode.c.h; path = "NSAttributedString+SYCategory.h"; sourceTree = "<group>"; };
		A771D3D320BBFBF300E0343A /* NSAttributedString+SYCategory.m */ = {isa = PBXFileReference; fileEncoding = 4; lastKnownFileType = sourcecode.c.objc; path = "NSAttributedString+SYCategory.m"; sourceTree = "<group>"; };
		A771D3D420BBFBF300E0343A /* NSDate+SYCategory.h */ = {isa = PBXFileReference; fileEncoding = 4; lastKnownFileType = sourcecode.c.h; path = "NSDate+SYCategory.h"; sourceTree = "<group>"; };
		A771D3D520BBFBF300E0343A /* NSDate+SYCategory.m */ = {isa = PBXFileReference; fileEncoding = 4; lastKnownFileType = sourcecode.c.objc; path = "NSDate+SYCategory.m"; sourceTree = "<group>"; };
		A771D3D620BBFBF300E0343A /* NSDictionary+SYCategory.h */ = {isa = PBXFileReference; fileEncoding = 4; lastKnownFileType = sourcecode.c.h; path = "NSDictionary+SYCategory.h"; sourceTree = "<group>"; };
		A771D3D720BBFBF300E0343A /* NSDictionary+SYCategory.m */ = {isa = PBXFileReference; fileEncoding = 4; lastKnownFileType = sourcecode.c.objc; path = "NSDictionary+SYCategory.m"; sourceTree = "<group>"; };
		A771D3D820BBFBF300E0343A /* NSFileHandle+SYCategory.h */ = {isa = PBXFileReference; fileEncoding = 4; lastKnownFileType = sourcecode.c.h; path = "NSFileHandle+SYCategory.h"; sourceTree = "<group>"; };
		A771D3D920BBFBF300E0343A /* NSFileHandle+SYCategory.m */ = {isa = PBXFileReference; fileEncoding = 4; lastKnownFileType = sourcecode.c.objc; path = "NSFileHandle+SYCategory.m"; sourceTree = "<group>"; };
		A771D3DA20BBFBF300E0343A /* NSFileManager+iCloud.h */ = {isa = PBXFileReference; fileEncoding = 4; lastKnownFileType = sourcecode.c.h; path = "NSFileManager+iCloud.h"; sourceTree = "<group>"; };
		A771D3DB20BBFBF300E0343A /* NSFileManager+iCloud.m */ = {isa = PBXFileReference; fileEncoding = 4; lastKnownFileType = sourcecode.c.objc; path = "NSFileManager+iCloud.m"; sourceTree = "<group>"; };
		A771D3DC20BBFBF300E0343A /* NSFileManager+SYCategory.h */ = {isa = PBXFileReference; fileEncoding = 4; lastKnownFileType = sourcecode.c.h; path = "NSFileManager+SYCategory.h"; sourceTree = "<group>"; };
		A771D3DD20BBFBF300E0343A /* NSFileManager+SYCategory.m */ = {isa = PBXFileReference; fileEncoding = 4; lastKnownFileType = sourcecode.c.objc; path = "NSFileManager+SYCategory.m"; sourceTree = "<group>"; };
		A771D3DE20BBFBF300E0343A /* NSMutableArray+SYCategory.h */ = {isa = PBXFileReference; fileEncoding = 4; lastKnownFileType = sourcecode.c.h; path = "NSMutableArray+SYCategory.h"; sourceTree = "<group>"; };
		A771D3DF20BBFBF300E0343A /* NSMutableArray+SYCategory.m */ = {isa = PBXFileReference; fileEncoding = 4; lastKnownFileType = sourcecode.c.objc; path = "NSMutableArray+SYCategory.m"; sourceTree = "<group>"; };
		A771D3E020BBFBF300E0343A /* NSMutableDictionary+SYCategory.h */ = {isa = PBXFileReference; fileEncoding = 4; lastKnownFileType = sourcecode.c.h; path = "NSMutableDictionary+SYCategory.h"; sourceTree = "<group>"; };
		A771D3E120BBFBF300E0343A /* NSMutableDictionary+SYCategory.m */ = {isa = PBXFileReference; fileEncoding = 4; lastKnownFileType = sourcecode.c.objc; path = "NSMutableDictionary+SYCategory.m"; sourceTree = "<group>"; };
		A771D3E220BBFBF300E0343A /* NSMutableString+SYCategory.h */ = {isa = PBXFileReference; fileEncoding = 4; lastKnownFileType = sourcecode.c.h; path = "NSMutableString+SYCategory.h"; sourceTree = "<group>"; };
		A771D3E320BBFBF300E0343A /* NSMutableString+SYCategory.m */ = {isa = PBXFileReference; fileEncoding = 4; lastKnownFileType = sourcecode.c.objc; path = "NSMutableString+SYCategory.m"; sourceTree = "<group>"; };
		A771D3E420BBFBF300E0343A /* NSNotificationCenter+SYCategory.h */ = {isa = PBXFileReference; fileEncoding = 4; lastKnownFileType = sourcecode.c.h; path = "NSNotificationCenter+SYCategory.h"; sourceTree = "<group>"; };
		A771D3E520BBFBF300E0343A /* NSNotificationCenter+SYCategory.m */ = {isa = PBXFileReference; fileEncoding = 4; lastKnownFileType = sourcecode.c.objc; path = "NSNotificationCenter+SYCategory.m"; sourceTree = "<group>"; };
		A771D3E620BBFBF300E0343A /* NSNumber+SYCategory.h */ = {isa = PBXFileReference; fileEncoding = 4; lastKnownFileType = sourcecode.c.h; path = "NSNumber+SYCategory.h"; sourceTree = "<group>"; };
		A771D3E720BBFBF300E0343A /* NSNumber+SYCategory.m */ = {isa = PBXFileReference; fileEncoding = 4; lastKnownFileType = sourcecode.c.objc; path = "NSNumber+SYCategory.m"; sourceTree = "<group>"; };
		A771D3E820BBFBF300E0343A /* NSObject+SYCategory.h */ = {isa = PBXFileReference; fileEncoding = 4; lastKnownFileType = sourcecode.c.h; path = "NSObject+SYCategory.h"; sourceTree = "<group>"; };
		A771D3E920BBFBF300E0343A /* NSObject+SYCategory.m */ = {isa = PBXFileReference; fileEncoding = 4; lastKnownFileType = sourcecode.c.objc; path = "NSObject+SYCategory.m"; sourceTree = "<group>"; };
		A771D3EA20BBFBF300E0343A /* NSObject+SYKVO.h */ = {isa = PBXFileReference; fileEncoding = 4; lastKnownFileType = sourcecode.c.h; path = "NSObject+SYKVO.h"; sourceTree = "<group>"; };
		A771D3EB20BBFBF300E0343A /* NSObject+SYKVO.m */ = {isa = PBXFileReference; fileEncoding = 4; lastKnownFileType = sourcecode.c.objc; path = "NSObject+SYKVO.m"; sourceTree = "<group>"; };
		A771D3EC20BBFBF300E0343A /* NSPredicate+SYCategory.h */ = {isa = PBXFileReference; fileEncoding = 4; lastKnownFileType = sourcecode.c.h; path = "NSPredicate+SYCategory.h"; sourceTree = "<group>"; };
		A771D3ED20BBFBF300E0343A /* NSPredicate+SYCategory.m */ = {isa = PBXFileReference; fileEncoding = 4; lastKnownFileType = sourcecode.c.objc; path = "NSPredicate+SYCategory.m"; sourceTree = "<group>"; };
		A771D3EE20BBFBF300E0343A /* NSStream+SYCategory.h */ = {isa = PBXFileReference; fileEncoding = 4; lastKnownFileType = sourcecode.c.h; path = "NSStream+SYCategory.h"; sourceTree = "<group>"; };
		A771D3EF20BBFBF300E0343A /* NSStream+SYCategory.m */ = {isa = PBXFileReference; fileEncoding = 4; lastKnownFileType = sourcecode.c.objc; path = "NSStream+SYCategory.m"; sourceTree = "<group>"; };
		A771D3F020BBFBF300E0343A /* NSString+SYCategory.h */ = {isa = PBXFileReference; fileEncoding = 4; lastKnownFileType = sourcecode.c.h; path = "NSString+SYCategory.h"; sourceTree = "<group>"; };
		A771D3F120BBFBF300E0343A /* NSString+SYCategory.m */ = {isa = PBXFileReference; fileEncoding = 4; lastKnownFileType = sourcecode.c.objc; path = "NSString+SYCategory.m"; sourceTree = "<group>"; };
		A771D3F220BBFBF300E0343A /* NSString+SYHtml.h */ = {isa = PBXFileReference; fileEncoding = 4; lastKnownFileType = sourcecode.c.h; path = "NSString+SYHtml.h"; sourceTree = "<group>"; };
		A771D3F320BBFBF300E0343A /* NSString+SYHtml.m */ = {isa = PBXFileReference; fileEncoding = 4; lastKnownFileType = sourcecode.c.objc; path = "NSString+SYHtml.m"; sourceTree = "<group>"; };
		A771D3F420BBFBF300E0343A /* NSString+SYJSON.h */ = {isa = PBXFileReference; fileEncoding = 4; lastKnownFileType = sourcecode.c.h; path = "NSString+SYJSON.h"; sourceTree = "<group>"; };
		A771D3F520BBFBF300E0343A /* NSString+SYJSON.m */ = {isa = PBXFileReference; fileEncoding = 4; lastKnownFileType = sourcecode.c.objc; path = "NSString+SYJSON.m"; sourceTree = "<group>"; };
		A771D3F620BBFBF300E0343A /* NSString+SYNetwork.h */ = {isa = PBXFileReference; fileEncoding = 4; lastKnownFileType = sourcecode.c.h; path = "NSString+SYNetwork.h"; sourceTree = "<group>"; };
		A771D3F720BBFBF300E0343A /* NSString+SYNetwork.m */ = {isa = PBXFileReference; fileEncoding = 4; lastKnownFileType = sourcecode.c.objc; path = "NSString+SYNetwork.m"; sourceTree = "<group>"; };
		A771D3F820BBFBF300E0343A /* NSString+SYRegular.h */ = {isa = PBXFileReference; fileEncoding = 4; lastKnownFileType = sourcecode.c.h; path = "NSString+SYRegular.h"; sourceTree = "<group>"; };
		A771D3F920BBFBF300E0343A /* NSString+SYRegular.m */ = {isa = PBXFileReference; fileEncoding = 4; lastKnownFileType = sourcecode.c.objc; path = "NSString+SYRegular.m"; sourceTree = "<group>"; };
		A771D3FA20BBFBF300E0343A /* NSString+SYUUID.h */ = {isa = PBXFileReference; fileEncoding = 4; lastKnownFileType = sourcecode.c.h; path = "NSString+SYUUID.h"; sourceTree = "<group>"; };
		A771D3FB20BBFBF300E0343A /* NSString+SYUUID.m */ = {isa = PBXFileReference; fileEncoding = 4; lastKnownFileType = sourcecode.c.objc; path = "NSString+SYUUID.m"; sourceTree = "<group>"; };
		A771D3FC20BBFBF300E0343A /* NSTimer+SYCategory.h */ = {isa = PBXFileReference; fileEncoding = 4; lastKnownFileType = sourcecode.c.h; path = "NSTimer+SYCategory.h"; sourceTree = "<group>"; };
		A771D3FD20BBFBF300E0343A /* NSTimer+SYCategory.m */ = {isa = PBXFileReference; fileEncoding = 4; lastKnownFileType = sourcecode.c.objc; path = "NSTimer+SYCategory.m"; sourceTree = "<group>"; };
		A771D3FE20BBFBF300E0343A /* NSURLConnection+SYCategory.h */ = {isa = PBXFileReference; fileEncoding = 4; lastKnownFileType = sourcecode.c.h; path = "NSURLConnection+SYCategory.h"; sourceTree = "<group>"; };
		A771D3FF20BBFBF300E0343A /* NSURLConnection+SYCategory.m */ = {isa = PBXFileReference; fileEncoding = 4; lastKnownFileType = sourcecode.c.objc; path = "NSURLConnection+SYCategory.m"; sourceTree = "<group>"; };
		A771D40020BBFBF300E0343A /* NSUserDefaults+SYCategory.h */ = {isa = PBXFileReference; fileEncoding = 4; lastKnownFileType = sourcecode.c.h; path = "NSUserDefaults+SYCategory.h"; sourceTree = "<group>"; };
		A771D40120BBFBF300E0343A /* NSUserDefaults+SYCategory.m */ = {isa = PBXFileReference; fileEncoding = 4; lastKnownFileType = sourcecode.c.objc; path = "NSUserDefaults+SYCategory.m"; sourceTree = "<group>"; };
		A771D40220BBFBF300E0343A /* SYCategoryFoundation.h */ = {isa = PBXFileReference; fileEncoding = 4; lastKnownFileType = sourcecode.c.h; path = SYCategoryFoundation.h; sourceTree = "<group>"; };
		A771D40420BBFBF300E0343A /* UIActionSheet+SYCategory.h */ = {isa = PBXFileReference; fileEncoding = 4; lastKnownFileType = sourcecode.c.h; path = "UIActionSheet+SYCategory.h"; sourceTree = "<group>"; };
		A771D40520BBFBF300E0343A /* UIActionSheet+SYCategory.m */ = {isa = PBXFileReference; fileEncoding = 4; lastKnownFileType = sourcecode.c.objc; path = "UIActionSheet+SYCategory.m"; sourceTree = "<group>"; };
		A771D40620BBFBF300E0343A /* UIAlertController+SYCategory.h */ = {isa = PBXFileReference; fileEncoding = 4; lastKnownFileType = sourcecode.c.h; path = "UIAlertController+SYCategory.h"; sourceTree = "<group>"; };
		A771D40720BBFBF300E0343A /* UIAlertController+SYCategory.m */ = {isa = PBXFileReference; fileEncoding = 4; lastKnownFileType = sourcecode.c.objc; path = "UIAlertController+SYCategory.m"; sourceTree = "<group>"; };
		A771D40820BBFBF300E0343A /* UIAlertView+SYCategory.h */ = {isa = PBXFileReference; fileEncoding = 4; lastKnownFileType = sourcecode.c.h; path = "UIAlertView+SYCategory.h"; sourceTree = "<group>"; };
		A771D40920BBFBF300E0343A /* UIAlertView+SYCategory.m */ = {isa = PBXFileReference; fileEncoding = 4; lastKnownFileType = sourcecode.c.objc; path = "UIAlertView+SYCategory.m"; sourceTree = "<group>"; };
		A771D40A20BBFBF300E0343A /* UIBarButtonItem+SYCategory.h */ = {isa = PBXFileReference; fileEncoding = 4; lastKnownFileType = sourcecode.c.h; path = "UIBarButtonItem+SYCategory.h"; sourceTree = "<group>"; };
		A771D40B20BBFBF300E0343A /* UIBarButtonItem+SYCategory.m */ = {isa = PBXFileReference; fileEncoding = 4; lastKnownFileType = sourcecode.c.objc; path = "UIBarButtonItem+SYCategory.m"; sourceTree = "<group>"; };
		A771D40C20BBFBF300E0343A /* UIButton+SYCategory.h */ = {isa = PBXFileReference; fileEncoding = 4; lastKnownFileType = sourcecode.c.h; path = "UIButton+SYCategory.h"; sourceTree = "<group>"; };
		A771D40D20BBFBF300E0343A /* UIButton+SYCategory.m */ = {isa = PBXFileReference; fileEncoding = 4; lastKnownFileType = sourcecode.c.objc; path = "UIButton+SYCategory.m"; sourceTree = "<group>"; };
		A771D40E20BBFBF300E0343A /* UICollectionView+SYCategory.h */ = {isa = PBXFileReference; fileEncoding = 4; lastKnownFileType = sourcecode.c.h; path = "UICollectionView+SYCategory.h"; sourceTree = "<group>"; };
		A771D40F20BBFBF300E0343A /* UICollectionView+SYCategory.m */ = {isa = PBXFileReference; fileEncoding = 4; lastKnownFileType = sourcecode.c.objc; path = "UICollectionView+SYCategory.m"; sourceTree = "<group>"; };
		A771D41020BBFBF300E0343A /* UIColor+SYCategory.h */ = {isa = PBXFileReference; fileEncoding = 4; lastKnownFileType = sourcecode.c.h; path = "UIColor+SYCategory.h"; sourceTree = "<group>"; };
		A771D41120BBFBF300E0343A /* UIColor+SYCategory.m */ = {isa = PBXFileReference; fileEncoding = 4; lastKnownFileType = sourcecode.c.objc; path = "UIColor+SYCategory.m"; sourceTree = "<group>"; };
		A771D41220BBFBF300E0343A /* UIDocument+SYCategory.h */ = {isa = PBXFileReference; fileEncoding = 4; lastKnownFileType = sourcecode.c.h; path = "UIDocument+SYCategory.h"; sourceTree = "<group>"; };
		A771D41320BBFBF300E0343A /* UIDocument+SYCategory.m */ = {isa = PBXFileReference; fileEncoding = 4; lastKnownFileType = sourcecode.c.objc; path = "UIDocument+SYCategory.m"; sourceTree = "<group>"; };
		A771D41420BBFBF300E0343A /* UIGestureRecognizer+SYCategory.h */ = {isa = PBXFileReference; fileEncoding = 4; lastKnownFileType = sourcecode.c.h; path = "UIGestureRecognizer+SYCategory.h"; sourceTree = "<group>"; };
		A771D41520BBFBF300E0343A /* UIGestureRecognizer+SYCategory.m */ = {isa = PBXFileReference; fileEncoding = 4; lastKnownFileType = sourcecode.c.objc; path = "UIGestureRecognizer+SYCategory.m"; sourceTree = "<group>"; };
		A771D41620BBFBF300E0343A /* UIImage+SYAssetsLibrary.h */ = {isa = PBXFileReference; fileEncoding = 4; lastKnownFileType = sourcecode.c.h; path = "UIImage+SYAssetsLibrary.h"; sourceTree = "<group>"; };
		A771D41720BBFBF300E0343A /* UIImage+SYAssetsLibrary.m */ = {isa = PBXFileReference; fileEncoding = 4; lastKnownFileType = sourcecode.c.objc; path = "UIImage+SYAssetsLibrary.m"; sourceTree = "<group>"; };
		A771D41820BBFBF300E0343A /* UIImage+SYBytes.h */ = {isa = PBXFileReference; fileEncoding = 4; lastKnownFileType = sourcecode.c.h; path = "UIImage+SYBytes.h"; sourceTree = "<group>"; };
		A771D41920BBFBF300E0343A /* UIImage+SYBytes.m */ = {isa = PBXFileReference; fileEncoding = 4; lastKnownFileType = sourcecode.c.objc; path = "UIImage+SYBytes.m"; sourceTree = "<group>"; };
		A771D41A20BBFBF300E0343A /* UIImage+SYCategory.h */ = {isa = PBXFileReference; fileEncoding = 4; lastKnownFileType = sourcecode.c.h; path = "UIImage+SYCategory.h"; sourceTree = "<group>"; };
		A771D41B20BBFBF300E0343A /* UIImage+SYCategory.m */ = {isa = PBXFileReference; fileEncoding = 4; lastKnownFileType = sourcecode.c.objc; path = "UIImage+SYCategory.m"; sourceTree = "<group>"; };
		A771D41C20BBFBF300E0343A /* UIImage+SYFilter.h */ = {isa = PBXFileReference; fileEncoding = 4; lastKnownFileType = sourcecode.c.h; path = "UIImage+SYFilter.h"; sourceTree = "<group>"; };
		A771D41D20BBFBF300E0343A /* UIImage+SYFilter.m */ = {isa = PBXFileReference; fileEncoding = 4; lastKnownFileType = sourcecode.c.objc; path = "UIImage+SYFilter.m"; sourceTree = "<group>"; };
		A771D41E20BBFBF300E0343A /* UIImagePickerController+SYCategory.h */ = {isa = PBXFileReference; fileEncoding = 4; lastKnownFileType = sourcecode.c.h; path = "UIImagePickerController+SYCategory.h"; sourceTree = "<group>"; };
		A771D41F20BBFBF300E0343A /* UIImagePickerController+SYCategory.m */ = {isa = PBXFileReference; fileEncoding = 4; lastKnownFileType = sourcecode.c.objc; path = "UIImagePickerController+SYCategory.m"; sourceTree = "<group>"; };
		A771D42020BBFBF300E0343A /* UIImageView+SYCategory.h */ = {isa = PBXFileReference; fileEncoding = 4; lastKnownFileType = sourcecode.c.h; path = "UIImageView+SYCategory.h"; sourceTree = "<group>"; };
		A771D42120BBFBF300E0343A /* UIImageView+SYCategory.m */ = {isa = PBXFileReference; fileEncoding = 4; lastKnownFileType = sourcecode.c.objc; path = "UIImageView+SYCategory.m"; sourceTree = "<group>"; };
		A771D42220BBFBF300E0343A /* UILabel+SYCategory.h */ = {isa = PBXFileReference; fileEncoding = 4; lastKnownFileType = sourcecode.c.h; path = "UILabel+SYCategory.h"; sourceTree = "<group>"; };
		A771D42320BBFBF300E0343A /* UILabel+SYCategory.m */ = {isa = PBXFileReference; fileEncoding = 4; lastKnownFileType = sourcecode.c.objc; path = "UILabel+SYCategory.m"; sourceTree = "<group>"; };
		A771D42420BBFBF300E0343A /* UINavigationController+SYCategory.h */ = {isa = PBXFileReference; fileEncoding = 4; lastKnownFileType = sourcecode.c.h; path = "UINavigationController+SYCategory.h"; sourceTree = "<group>"; };
		A771D42520BBFBF300E0343A /* UINavigationController+SYCategory.m */ = {isa = PBXFileReference; fileEncoding = 4; lastKnownFileType = sourcecode.c.objc; path = "UINavigationController+SYCategory.m"; sourceTree = "<group>"; };
		A771D42620BBFBF300E0343A /* UIScrollView+SYCategory.h */ = {isa = PBXFileReference; fileEncoding = 4; lastKnownFileType = sourcecode.c.h; path = "UIScrollView+SYCategory.h"; sourceTree = "<group>"; };
		A771D42720BBFBF300E0343A /* UIScrollView+SYCategory.m */ = {isa = PBXFileReference; fileEncoding = 4; lastKnownFileType = sourcecode.c.objc; path = "UIScrollView+SYCategory.m"; sourceTree = "<group>"; };
		A771D42820BBFBF300E0343A /* UISegmentedControl+SYCategory.h */ = {isa = PBXFileReference; fileEncoding = 4; lastKnownFileType = sourcecode.c.h; path = "UISegmentedControl+SYCategory.h"; sourceTree = "<group>"; };
		A771D42920BBFBF300E0343A /* UISegmentedControl+SYCategory.m */ = {isa = PBXFileReference; fileEncoding = 4; lastKnownFileType = sourcecode.c.objc; path = "UISegmentedControl+SYCategory.m"; sourceTree = "<group>"; };
		A771D42A20BBFBF300E0343A /* UISlider+SYCategory.h */ = {isa = PBXFileReference; fileEncoding = 4; lastKnownFileType = sourcecode.c.h; path = "UISlider+SYCategory.h"; sourceTree = "<group>"; };
		A771D42B20BBFBF300E0343A /* UISlider+SYCategory.m */ = {isa = PBXFileReference; fileEncoding = 4; lastKnownFileType = sourcecode.c.objc; path = "UISlider+SYCategory.m"; sourceTree = "<group>"; };
		A771D42C20BBFBF300E0343A /* UISwitch+SYCategory.h */ = {isa = PBXFileReference; fileEncoding = 4; lastKnownFileType = sourcecode.c.h; path = "UISwitch+SYCategory.h"; sourceTree = "<group>"; };
		A771D42D20BBFBF300E0343A /* UISwitch+SYCategory.m */ = {isa = PBXFileReference; fileEncoding = 4; lastKnownFileType = sourcecode.c.objc; path = "UISwitch+SYCategory.m"; sourceTree = "<group>"; };
		A771D42E20BBFBF300E0343A /* UITabBarController+SYCategory.h */ = {isa = PBXFileReference; fileEncoding = 4; lastKnownFileType = sourcecode.c.h; path = "UITabBarController+SYCategory.h"; sourceTree = "<group>"; };
		A771D42F20BBFBF300E0343A /* UITabBarController+SYCategory.m */ = {isa = PBXFileReference; fileEncoding = 4; lastKnownFileType = sourcecode.c.objc; path = "UITabBarController+SYCategory.m"; sourceTree = "<group>"; };
		A771D43020BBFBF300E0343A /* UITableView+SYCategory.h */ = {isa = PBXFileReference; fileEncoding = 4; lastKnownFileType = sourcecode.c.h; path = "UITableView+SYCategory.h"; sourceTree = "<group>"; };
		A771D43120BBFBF300E0343A /* UITableView+SYCategory.m */ = {isa = PBXFileReference; fileEncoding = 4; lastKnownFileType = sourcecode.c.objc; path = "UITableView+SYCategory.m"; sourceTree = "<group>"; };
		A771D43220BBFBF300E0343A /* UITableViewCell+SYCategory.h */ = {isa = PBXFileReference; fileEncoding = 4; lastKnownFileType = sourcecode.c.h; path = "UITableViewCell+SYCategory.h"; sourceTree = "<group>"; };
		A771D43320BBFBF300E0343A /* UITableViewCell+SYCategory.m */ = {isa = PBXFileReference; fileEncoding = 4; lastKnownFileType = sourcecode.c.objc; path = "UITableViewCell+SYCategory.m"; sourceTree = "<group>"; };
		A771D43420BBFBF300E0343A /* UITextField+SYCategory.h */ = {isa = PBXFileReference; fileEncoding = 4; lastKnownFileType = sourcecode.c.h; path = "UITextField+SYCategory.h"; sourceTree = "<group>"; };
		A771D43520BBFBF300E0343A /* UITextField+SYCategory.m */ = {isa = PBXFileReference; fileEncoding = 4; lastKnownFileType = sourcecode.c.objc; path = "UITextField+SYCategory.m"; sourceTree = "<group>"; };
		A771D43620BBFBF300E0343A /* UITextView+SYCategory.h */ = {isa = PBXFileReference; fileEncoding = 4; lastKnownFileType = sourcecode.c.h; path = "UITextView+SYCategory.h"; sourceTree = "<group>"; };
		A771D43720BBFBF300E0343A /* UITextView+SYCategory.m */ = {isa = PBXFileReference; fileEncoding = 4; lastKnownFileType = sourcecode.c.objc; path = "UITextView+SYCategory.m"; sourceTree = "<group>"; };
		A771D43820BBFBF300E0343A /* UIView+Status.h */ = {isa = PBXFileReference; fileEncoding = 4; lastKnownFileType = sourcecode.c.h; path = "UIView+Status.h"; sourceTree = "<group>"; };
		A771D43920BBFBF300E0343A /* UIView+Status.m */ = {isa = PBXFileReference; fileEncoding = 4; lastKnownFileType = sourcecode.c.objc; path = "UIView+Status.m"; sourceTree = "<group>"; };
		A771D43A20BBFBF300E0343A /* UIView+SYCategory.h */ = {isa = PBXFileReference; fileEncoding = 4; lastKnownFileType = sourcecode.c.h; path = "UIView+SYCategory.h"; sourceTree = "<group>"; };
		A771D43B20BBFBF300E0343A /* UIView+SYCategory.m */ = {isa = PBXFileReference; fileEncoding = 4; lastKnownFileType = sourcecode.c.objc; path = "UIView+SYCategory.m"; sourceTree = "<group>"; };
		A771D43C20BBFBF300E0343A /* UIView+SYRecognizer.h */ = {isa = PBXFileReference; fileEncoding = 4; lastKnownFileType = sourcecode.c.h; path = "UIView+SYRecognizer.h"; sourceTree = "<group>"; };
		A771D43D20BBFBF300E0343A /* UIView+SYRecognizer.m */ = {isa = PBXFileReference; fileEncoding = 4; lastKnownFileType = sourcecode.c.objc; path = "UIView+SYRecognizer.m"; sourceTree = "<group>"; };
		A771D43E20BBFBF300E0343A /* UIViewController+SYCategory.h */ = {isa = PBXFileReference; fileEncoding = 4; lastKnownFileType = sourcecode.c.h; path = "UIViewController+SYCategory.h"; sourceTree = "<group>"; };
		A771D43F20BBFBF300E0343A /* UIViewController+SYCategory.m */ = {isa = PBXFileReference; fileEncoding = 4; lastKnownFileType = sourcecode.c.objc; path = "UIViewController+SYCategory.m"; sourceTree = "<group>"; };
		A771D44020BBFBF300E0343A /* SYCategoryUIKit.h */ = {isa = PBXFileReference; fileEncoding = 4; lastKnownFileType = sourcecode.c.h; path = SYCategoryUIKit.h; sourceTree = "<group>"; };
		A771D44220BBFBF300E0343A /* SYNavigationBackImage.png */ = {isa = PBXFileReference; lastKnownFileType = image.png; path = SYNavigationBackImage.png; sourceTree = "<group>"; };
		A771D44320BBFBF300E0343A /* SYNavigationBackImage@2x.png */ = {isa = PBXFileReference; lastKnownFileType = image.png; path = "SYNavigationBackImage@2x.png"; sourceTree = "<group>"; };
		A771D44420BBFBF300E0343A /* SYNavigationBackImage@3x.png */ = {isa = PBXFileReference; lastKnownFileType = image.png; path = "SYNavigationBackImage@3x.png"; sourceTree = "<group>"; };
		A771D48020BBFC3F00E0343A /* SYCacheManager.m */ = {isa = PBXFileReference; fileEncoding = 4; lastKnownFileType = sourcecode.c.objc; path = SYCacheManager.m; sourceTree = "<group>"; };
		A771D48120BBFC3F00E0343A /* SYCacheManager.h */ = {isa = PBXFileReference; fileEncoding = 4; lastKnownFileType = sourcecode.c.h; path = SYCacheManager.h; sourceTree = "<group>"; };
		A771D48920BBFE5300E0343A /* SandboxFile.h */ = {isa = PBXFileReference; fileEncoding = 4; lastKnownFileType = sourcecode.c.h; path = SandboxFile.h; sourceTree = "<group>"; };
		A771D48A20BBFE5300E0343A /* SandboxFile.m */ = {isa = PBXFileReference; fileEncoding = 4; lastKnownFileType = sourcecode.c.objc; path = SandboxFile.m; sourceTree = "<group>"; };
		A7B0C7B11F7B472C003BB596 /* SYCommon_color.h */ = {isa = PBXFileReference; fileEncoding = 4; lastKnownFileType = sourcecode.c.h; path = SYCommon_color.h; sourceTree = "<group>"; };
		A7B0C7B21F7B472C003BB596 /* SYCommon_define.h */ = {isa = PBXFileReference; fileEncoding = 4; lastKnownFileType = sourcecode.c.h; path = SYCommon_define.h; sourceTree = "<group>"; };
		A7B0C7B31F7B472C003BB596 /* SYCommon_Device.h */ = {isa = PBXFileReference; fileEncoding = 4; lastKnownFileType = sourcecode.c.h; path = SYCommon_Device.h; sourceTree = "<group>"; };
		A7B0C7B41F7B472C003BB596 /* SYCommon_FilePath.h */ = {isa = PBXFileReference; fileEncoding = 4; lastKnownFileType = sourcecode.c.h; path = SYCommon_FilePath.h; sourceTree = "<group>"; };
		A7B0C7B51F7B472C003BB596 /* SYCommon_font.h */ = {isa = PBXFileReference; fileEncoding = 4; lastKnownFileType = sourcecode.c.h; path = SYCommon_font.h; sourceTree = "<group>"; };
		A7B0C7B61F7B472C003BB596 /* SYCommon_Image.h */ = {isa = PBXFileReference; fileEncoding = 4; lastKnownFileType = sourcecode.c.h; path = SYCommon_Image.h; sourceTree = "<group>"; };
		A7B0C7B71F7B472C003BB596 /* SYCommon_limit.h */ = {isa = PBXFileReference; fileEncoding = 4; lastKnownFileType = sourcecode.c.h; path = SYCommon_limit.h; sourceTree = "<group>"; };
		A7B0C7B81F7B472C003BB596 /* SYCommon_Markwords.h */ = {isa = PBXFileReference; fileEncoding = 4; lastKnownFileType = sourcecode.c.h; path = SYCommon_Markwords.h; sourceTree = "<group>"; };
		A7B0C7B91F7B472C003BB596 /* SYCommon_Symbol.h */ = {isa = PBXFileReference; fileEncoding = 4; lastKnownFileType = sourcecode.c.h; path = SYCommon_Symbol.h; sourceTree = "<group>"; };
		A7B0C7BA1F7B472C003BB596 /* SYCommon_time.h */ = {isa = PBXFileReference; fileEncoding = 4; lastKnownFileType = sourcecode.c.h; path = SYCommon_time.h; sourceTree = "<group>"; };
		A7B0C7BE1F7B472C003BB596 /* SYFoundationToolsHeader.h */ = {isa = PBXFileReference; fileEncoding = 4; lastKnownFileType = sourcecode.c.h; path = SYFoundationToolsHeader.h; sourceTree = "<group>"; };
		A7B0C7C21F7B472C003BB596 /* MD5Secure.h */ = {isa = PBXFileReference; fileEncoding = 4; lastKnownFileType = sourcecode.c.h; path = MD5Secure.h; sourceTree = "<group>"; };
		A7B0C7C31F7B472C003BB596 /* MD5Secure.m */ = {isa = PBXFileReference; fileEncoding = 4; lastKnownFileType = sourcecode.c.objc; path = MD5Secure.m; sourceTree = "<group>"; };
		A7B0C7C41F7B472C003BB596 /* SYSecureTools.h */ = {isa = PBXFileReference; fileEncoding = 4; lastKnownFileType = sourcecode.c.h; path = SYSecureTools.h; sourceTree = "<group>"; };
		A7B0C7CB1F7B472C003BB596 /* SYFMDBManager.h */ = {isa = PBXFileReference; fileEncoding = 4; lastKnownFileType = sourcecode.c.h; path = SYFMDBManager.h; sourceTree = "<group>"; };
		A7B0C7CC1F7B472C003BB596 /* SYFMDBManager.m */ = {isa = PBXFileReference; fileEncoding = 4; lastKnownFileType = sourcecode.c.objc; path = SYFMDBManager.m; sourceTree = "<group>"; };
		A7B0C7CD1F7B472C003BB596 /* SYNetworkCache.h */ = {isa = PBXFileReference; fileEncoding = 4; lastKnownFileType = sourcecode.c.h; path = SYNetworkCache.h; sourceTree = "<group>"; };
		A7B0C7CE1F7B472C003BB596 /* SYNetworkCache.m */ = {isa = PBXFileReference; fileEncoding = 4; lastKnownFileType = sourcecode.c.objc; path = SYNetworkCache.m; sourceTree = "<group>"; };
		A7B0C7D01F7B472C003BB596 /* HUDManager.h */ = {isa = PBXFileReference; fileEncoding = 4; lastKnownFileType = sourcecode.c.h; path = HUDManager.h; sourceTree = "<group>"; };
		A7B0C7D11F7B472C003BB596 /* HUDManager.m */ = {isa = PBXFileReference; fileEncoding = 4; lastKnownFileType = sourcecode.c.objc; path = HUDManager.m; sourceTree = "<group>"; };
		A7B0C7D31F7B472C003BB596 /* SYLibsToolsHeader.h */ = {isa = PBXFileReference; fileEncoding = 4; lastKnownFileType = sourcecode.c.h; path = SYLibsToolsHeader.h; sourceTree = "<group>"; };
		A7B0C7D51F7B472C003BB596 /* MJDIYRefreshFooter.h */ = {isa = PBXFileReference; fileEncoding = 4; lastKnownFileType = sourcecode.c.h; path = MJDIYRefreshFooter.h; sourceTree = "<group>"; };
		A7B0C7D61F7B472C003BB596 /* MJDIYRefreshFooter.m */ = {isa = PBXFileReference; fileEncoding = 4; lastKnownFileType = sourcecode.c.objc; path = MJDIYRefreshFooter.m; sourceTree = "<group>"; };
		A7B0C7D71F7B472C003BB596 /* MJDIYRefreshHeader.h */ = {isa = PBXFileReference; fileEncoding = 4; lastKnownFileType = sourcecode.c.h; path = MJDIYRefreshHeader.h; sourceTree = "<group>"; };
		A7B0C7D81F7B472C003BB596 /* MJDIYRefreshHeader.m */ = {isa = PBXFileReference; fileEncoding = 4; lastKnownFileType = sourcecode.c.objc; path = MJDIYRefreshHeader.m; sourceTree = "<group>"; };
		A7B0C7DA1F7B472C003BB596 /* SYNetworkRequest.h */ = {isa = PBXFileReference; fileEncoding = 4; lastKnownFileType = sourcecode.c.h; path = SYNetworkRequest.h; sourceTree = "<group>"; };
		A7B0C7DB1F7B472C003BB596 /* SYNetworkRequest.m */ = {isa = PBXFileReference; fileEncoding = 4; lastKnownFileType = sourcecode.c.objc; path = SYNetworkRequest.m; sourceTree = "<group>"; };
		A7B0C7DC1F7B472C003BB596 /* SYToolsHeader.h */ = {isa = PBXFileReference; fileEncoding = 4; lastKnownFileType = sourcecode.c.h; path = SYToolsHeader.h; sourceTree = "<group>"; };
		A7B0C7DE1F7B472C003BB596 /* SYCollectionView.h */ = {isa = PBXFileReference; fileEncoding = 4; lastKnownFileType = sourcecode.c.h; path = SYCollectionView.h; sourceTree = "<group>"; };
		A7B0C7DF1F7B472C003BB596 /* SYCollectionView.m */ = {isa = PBXFileReference; fileEncoding = 4; lastKnownFileType = sourcecode.c.objc; path = SYCollectionView.m; sourceTree = "<group>"; };
		A7B0C8051F7B472C003BB596 /* SYTableView.h */ = {isa = PBXFileReference; fileEncoding = 4; lastKnownFileType = sourcecode.c.h; path = SYTableView.h; sourceTree = "<group>"; };
		A7B0C8061F7B472C003BB596 /* SYTableView.m */ = {isa = PBXFileReference; fileEncoding = 4; lastKnownFileType = sourcecode.c.objc; path = SYTableView.m; sourceTree = "<group>"; };
		A7B0C8071F7B472C003BB596 /* SYTextField.h */ = {isa = PBXFileReference; fileEncoding = 4; lastKnownFileType = sourcecode.c.h; path = SYTextField.h; sourceTree = "<group>"; };
		A7B0C8081F7B472C003BB596 /* SYTextField.m */ = {isa = PBXFileReference; fileEncoding = 4; lastKnownFileType = sourcecode.c.objc; path = SYTextField.m; sourceTree = "<group>"; };
		A7B0C8091F7B472C003BB596 /* SYTextView.h */ = {isa = PBXFileReference; fileEncoding = 4; lastKnownFileType = sourcecode.c.h; path = SYTextView.h; sourceTree = "<group>"; };
		A7B0C80A1F7B472C003BB596 /* SYTextView.m */ = {isa = PBXFileReference; fileEncoding = 4; lastKnownFileType = sourcecode.c.objc; path = SYTextView.m; sourceTree = "<group>"; };
		A7B0C8151F7B472C003BB596 /* SYUIToolsHeader.h */ = {isa = PBXFileReference; fileEncoding = 4; lastKnownFileType = sourcecode.c.h; path = SYUIToolsHeader.h; sourceTree = "<group>"; };
		A7B0C8161F7B472C003BB596 /* SYWebView.h */ = {isa = PBXFileReference; fileEncoding = 4; lastKnownFileType = sourcecode.c.h; path = SYWebView.h; sourceTree = "<group>"; };
		A7B0C8171F7B472C003BB596 /* SYWebView.m */ = {isa = PBXFileReference; fileEncoding = 4; lastKnownFileType = sourcecode.c.objc; path = SYWebView.m; sourceTree = "<group>"; };
		DFE730265A897162403EB864 /* Pods-DemoSYTools.release.xcconfig */ = {isa = PBXFileReference; includeInIndex = 1; lastKnownFileType = text.xcconfig; name = "Pods-DemoSYTools.release.xcconfig"; path = "Pods/Target Support Files/Pods-DemoSYTools/Pods-DemoSYTools.release.xcconfig"; sourceTree = "<group>"; };
/* End PBXFileReference section */

/* Begin PBXFrameworksBuildPhase section */
		A76379B81EA0AFE00096433D /* Frameworks */ = {
			isa = PBXFrameworksBuildPhase;
			buildActionMask = 2147483647;
			files = (
				BF1079CAF7851EDCDE202C98 /* Pods_DemoSYTools.framework in Frameworks */,
			);
			runOnlyForDeploymentPostprocessing = 0;
		};
		A76379D11EA0AFE00096433D /* Frameworks */ = {
			isa = PBXFrameworksBuildPhase;
			buildActionMask = 2147483647;
			files = (
			);
			runOnlyForDeploymentPostprocessing = 0;
		};
		A76379DC1EA0AFE00096433D /* Frameworks */ = {
			isa = PBXFrameworksBuildPhase;
			buildActionMask = 2147483647;
			files = (
			);
			runOnlyForDeploymentPostprocessing = 0;
		};
/* End PBXFrameworksBuildPhase section */

/* Begin PBXGroup section */
		1AC07B5A36ACBF98968F72C2 /* Pods */ = {
			isa = PBXGroup;
			children = (
				427B7E03F7C94D6140E69FA6 /* Pods-DemoSYTools.debug.xcconfig */,
				DFE730265A897162403EB864 /* Pods-DemoSYTools.release.xcconfig */,
			);
			name = Pods;
			sourceTree = "<group>";
		};
		2C60F9D795541C4B6BB955B9 /* Frameworks */ = {
			isa = PBXGroup;
			children = (
				9662A0B4513F0B385BB6CBEB /* Pods_DemoSYTools.framework */,
			);
			name = Frameworks;
			sourceTree = "<group>";
		};
		A724B722215101AB0050CEBC /* SYWebImageView */ = {
			isa = PBXGroup;
			children = (
				A724B723215101AB0050CEBC /* UIImageView+SYWebImageView.h */,
				A724B724215101AB0050CEBC /* UIImageView+SYWebImageView.m */,
			);
			path = SYWebImageView;
			sourceTree = "<group>";
		};
		A76379B21EA0AFE00096433D = {
			isa = PBXGroup;
			children = (
				A76379BD1EA0AFE00096433D /* DemoSYTools */,
				A76379D71EA0AFE00096433D /* DemoSYToolsTests */,
				A76379E21EA0AFE00096433D /* DemoSYToolsUITests */,
				A76379BC1EA0AFE00096433D /* Products */,
				1AC07B5A36ACBF98968F72C2 /* Pods */,
				2C60F9D795541C4B6BB955B9 /* Frameworks */,
			);
			sourceTree = "<group>";
		};
		A76379BC1EA0AFE00096433D /* Products */ = {
			isa = PBXGroup;
			children = (
				A76379BB1EA0AFE00096433D /* DemoSYTools.app */,
				A76379D41EA0AFE00096433D /* DemoSYToolsTests.xctest */,
				A76379DF1EA0AFE00096433D /* DemoSYToolsUITests.xctest */,
			);
			name = Products;
			sourceTree = "<group>";
		};
		A76379BD1EA0AFE00096433D /* DemoSYTools */ = {
			isa = PBXGroup;
			children = (
				A76379C11EA0AFE00096433D /* AppDelegate.h */,
				A76379C21EA0AFE00096433D /* AppDelegate.m */,
				A76379C41EA0AFE00096433D /* ViewController.h */,
				A76379C51EA0AFE00096433D /* ViewController.m */,
				A771D3CC20BBFBF300E0343A /* SYCategory */,
				A7B0C7AF1F7B472C003BB596 /* SYTools */,
				A76379BE1EA0AFE00096433D /* Supporting Files */,
			);
			path = DemoSYTools;
			sourceTree = "<group>";
		};
		A76379BE1EA0AFE00096433D /* Supporting Files */ = {
			isa = PBXGroup;
			children = (
				A76379CA1EA0AFE00096433D /* Assets.xcassets */,
				A76379CC1EA0AFE00096433D /* LaunchScreen.storyboard */,
				A76379CF1EA0AFE00096433D /* Info.plist */,
				A76379BF1EA0AFE00096433D /* main.m */,
			);
			name = "Supporting Files";
			sourceTree = "<group>";
		};
		A76379D71EA0AFE00096433D /* DemoSYToolsTests */ = {
			isa = PBXGroup;
			children = (
				A76379D81EA0AFE00096433D /* DemoSYToolsTests.m */,
				A76379DA1EA0AFE00096433D /* Info.plist */,
			);
			path = DemoSYToolsTests;
			sourceTree = "<group>";
		};
		A76379E21EA0AFE00096433D /* DemoSYToolsUITests */ = {
			isa = PBXGroup;
			children = (
				A76379E31EA0AFE00096433D /* DemoSYToolsUITests.m */,
				A76379E51EA0AFE00096433D /* Info.plist */,
			);
			path = DemoSYToolsUITests;
			sourceTree = "<group>";
		};
		A771D3CC20BBFBF300E0343A /* SYCategory */ = {
			isa = PBXGroup;
			children = (
				A771D3CD20BBFBF300E0343A /* README.md */,
				A771D3CE20BBFBF300E0343A /* SYCategory.h */,
				A771D3CF20BBFBF300E0343A /* SYCategoryFoundation */,
				A771D40220BBFBF300E0343A /* SYCategoryFoundation.h */,
				A771D40320BBFBF300E0343A /* SYCategoryUIKit */,
				A771D44020BBFBF300E0343A /* SYCategoryUIKit.h */,
				A771D44120BBFBF300E0343A /* SYResources */,
			);
			path = SYCategory;
			sourceTree = "<group>";
		};
		A771D3CF20BBFBF300E0343A /* SYCategoryFoundation */ = {
			isa = PBXGroup;
			children = (
				A771D3D020BBFBF300E0343A /* NSArray+SYCategory.h */,
				A771D3D120BBFBF300E0343A /* NSArray+SYCategory.m */,
				A771D3D220BBFBF300E0343A /* NSAttributedString+SYCategory.h */,
				A771D3D320BBFBF300E0343A /* NSAttributedString+SYCategory.m */,
				A771D3D420BBFBF300E0343A /* NSDate+SYCategory.h */,
				A771D3D520BBFBF300E0343A /* NSDate+SYCategory.m */,
				A771D3D620BBFBF300E0343A /* NSDictionary+SYCategory.h */,
				A771D3D720BBFBF300E0343A /* NSDictionary+SYCategory.m */,
				A771D3D820BBFBF300E0343A /* NSFileHandle+SYCategory.h */,
				A771D3D920BBFBF300E0343A /* NSFileHandle+SYCategory.m */,
				A771D3DA20BBFBF300E0343A /* NSFileManager+iCloud.h */,
				A771D3DB20BBFBF300E0343A /* NSFileManager+iCloud.m */,
				A771D3DC20BBFBF300E0343A /* NSFileManager+SYCategory.h */,
				A771D3DD20BBFBF300E0343A /* NSFileManager+SYCategory.m */,
				A771D3DE20BBFBF300E0343A /* NSMutableArray+SYCategory.h */,
				A771D3DF20BBFBF300E0343A /* NSMutableArray+SYCategory.m */,
				A771D3E020BBFBF300E0343A /* NSMutableDictionary+SYCategory.h */,
				A771D3E120BBFBF300E0343A /* NSMutableDictionary+SYCategory.m */,
				A771D3E220BBFBF300E0343A /* NSMutableString+SYCategory.h */,
				A771D3E320BBFBF300E0343A /* NSMutableString+SYCategory.m */,
				A771D3E420BBFBF300E0343A /* NSNotificationCenter+SYCategory.h */,
				A771D3E520BBFBF300E0343A /* NSNotificationCenter+SYCategory.m */,
				A771D3E620BBFBF300E0343A /* NSNumber+SYCategory.h */,
				A771D3E720BBFBF300E0343A /* NSNumber+SYCategory.m */,
				A771D3E820BBFBF300E0343A /* NSObject+SYCategory.h */,
				A771D3E920BBFBF300E0343A /* NSObject+SYCategory.m */,
				A771D3EA20BBFBF300E0343A /* NSObject+SYKVO.h */,
				A771D3EB20BBFBF300E0343A /* NSObject+SYKVO.m */,
				A771D3EC20BBFBF300E0343A /* NSPredicate+SYCategory.h */,
				A771D3ED20BBFBF300E0343A /* NSPredicate+SYCategory.m */,
				A771D3EE20BBFBF300E0343A /* NSStream+SYCategory.h */,
				A771D3EF20BBFBF300E0343A /* NSStream+SYCategory.m */,
				A771D3F020BBFBF300E0343A /* NSString+SYCategory.h */,
				A771D3F120BBFBF300E0343A /* NSString+SYCategory.m */,
				A771D3F220BBFBF300E0343A /* NSString+SYHtml.h */,
				A771D3F320BBFBF300E0343A /* NSString+SYHtml.m */,
				A771D3F420BBFBF300E0343A /* NSString+SYJSON.h */,
				A771D3F520BBFBF300E0343A /* NSString+SYJSON.m */,
				A771D3F620BBFBF300E0343A /* NSString+SYNetwork.h */,
				A771D3F720BBFBF300E0343A /* NSString+SYNetwork.m */,
				A771D3F820BBFBF300E0343A /* NSString+SYRegular.h */,
				A771D3F920BBFBF300E0343A /* NSString+SYRegular.m */,
				A771D3FA20BBFBF300E0343A /* NSString+SYUUID.h */,
				A771D3FB20BBFBF300E0343A /* NSString+SYUUID.m */,
				A771D3FC20BBFBF300E0343A /* NSTimer+SYCategory.h */,
				A771D3FD20BBFBF300E0343A /* NSTimer+SYCategory.m */,
				A771D3FE20BBFBF300E0343A /* NSURLConnection+SYCategory.h */,
				A771D3FF20BBFBF300E0343A /* NSURLConnection+SYCategory.m */,
				A771D40020BBFBF300E0343A /* NSUserDefaults+SYCategory.h */,
				A771D40120BBFBF300E0343A /* NSUserDefaults+SYCategory.m */,
			);
			path = SYCategoryFoundation;
			sourceTree = "<group>";
		};
		A771D40320BBFBF300E0343A /* SYCategoryUIKit */ = {
			isa = PBXGroup;
			children = (
				A771D40420BBFBF300E0343A /* UIActionSheet+SYCategory.h */,
				A771D40520BBFBF300E0343A /* UIActionSheet+SYCategory.m */,
				A771D40620BBFBF300E0343A /* UIAlertController+SYCategory.h */,
				A771D40720BBFBF300E0343A /* UIAlertController+SYCategory.m */,
				A771D40820BBFBF300E0343A /* UIAlertView+SYCategory.h */,
				A771D40920BBFBF300E0343A /* UIAlertView+SYCategory.m */,
				A771D40A20BBFBF300E0343A /* UIBarButtonItem+SYCategory.h */,
				A771D40B20BBFBF300E0343A /* UIBarButtonItem+SYCategory.m */,
				A771D40C20BBFBF300E0343A /* UIButton+SYCategory.h */,
				A771D40D20BBFBF300E0343A /* UIButton+SYCategory.m */,
				A771D40E20BBFBF300E0343A /* UICollectionView+SYCategory.h */,
				A771D40F20BBFBF300E0343A /* UICollectionView+SYCategory.m */,
				A771D41020BBFBF300E0343A /* UIColor+SYCategory.h */,
				A771D41120BBFBF300E0343A /* UIColor+SYCategory.m */,
				A771D41220BBFBF300E0343A /* UIDocument+SYCategory.h */,
				A771D41320BBFBF300E0343A /* UIDocument+SYCategory.m */,
				A771D41420BBFBF300E0343A /* UIGestureRecognizer+SYCategory.h */,
				A771D41520BBFBF300E0343A /* UIGestureRecognizer+SYCategory.m */,
				A771D41620BBFBF300E0343A /* UIImage+SYAssetsLibrary.h */,
				A771D41720BBFBF300E0343A /* UIImage+SYAssetsLibrary.m */,
				A771D41820BBFBF300E0343A /* UIImage+SYBytes.h */,
				A771D41920BBFBF300E0343A /* UIImage+SYBytes.m */,
				A771D41A20BBFBF300E0343A /* UIImage+SYCategory.h */,
				A771D41B20BBFBF300E0343A /* UIImage+SYCategory.m */,
				A771D41C20BBFBF300E0343A /* UIImage+SYFilter.h */,
				A771D41D20BBFBF300E0343A /* UIImage+SYFilter.m */,
				A771D41E20BBFBF300E0343A /* UIImagePickerController+SYCategory.h */,
				A771D41F20BBFBF300E0343A /* UIImagePickerController+SYCategory.m */,
				A771D42020BBFBF300E0343A /* UIImageView+SYCategory.h */,
				A771D42120BBFBF300E0343A /* UIImageView+SYCategory.m */,
				A771D42220BBFBF300E0343A /* UILabel+SYCategory.h */,
				A771D42320BBFBF300E0343A /* UILabel+SYCategory.m */,
				A771D42420BBFBF300E0343A /* UINavigationController+SYCategory.h */,
				A771D42520BBFBF300E0343A /* UINavigationController+SYCategory.m */,
				A771D42620BBFBF300E0343A /* UIScrollView+SYCategory.h */,
				A771D42720BBFBF300E0343A /* UIScrollView+SYCategory.m */,
				A771D42820BBFBF300E0343A /* UISegmentedControl+SYCategory.h */,
				A771D42920BBFBF300E0343A /* UISegmentedControl+SYCategory.m */,
				A771D42A20BBFBF300E0343A /* UISlider+SYCategory.h */,
				A771D42B20BBFBF300E0343A /* UISlider+SYCategory.m */,
				A771D42C20BBFBF300E0343A /* UISwitch+SYCategory.h */,
				A771D42D20BBFBF300E0343A /* UISwitch+SYCategory.m */,
				A771D42E20BBFBF300E0343A /* UITabBarController+SYCategory.h */,
				A771D42F20BBFBF300E0343A /* UITabBarController+SYCategory.m */,
				A771D43020BBFBF300E0343A /* UITableView+SYCategory.h */,
				A771D43120BBFBF300E0343A /* UITableView+SYCategory.m */,
				A771D43220BBFBF300E0343A /* UITableViewCell+SYCategory.h */,
				A771D43320BBFBF300E0343A /* UITableViewCell+SYCategory.m */,
				A771D43420BBFBF300E0343A /* UITextField+SYCategory.h */,
				A771D43520BBFBF300E0343A /* UITextField+SYCategory.m */,
				A771D43620BBFBF300E0343A /* UITextView+SYCategory.h */,
				A771D43720BBFBF300E0343A /* UITextView+SYCategory.m */,
				A771D43820BBFBF300E0343A /* UIView+Status.h */,
				A771D43920BBFBF300E0343A /* UIView+Status.m */,
				A771D43A20BBFBF300E0343A /* UIView+SYCategory.h */,
				A771D43B20BBFBF300E0343A /* UIView+SYCategory.m */,
				A771D43C20BBFBF300E0343A /* UIView+SYRecognizer.h */,
				A771D43D20BBFBF300E0343A /* UIView+SYRecognizer.m */,
				A771D43E20BBFBF300E0343A /* UIViewController+SYCategory.h */,
				A771D43F20BBFBF300E0343A /* UIViewController+SYCategory.m */,
			);
			path = SYCategoryUIKit;
			sourceTree = "<group>";
		};
		A771D44120BBFBF300E0343A /* SYResources */ = {
			isa = PBXGroup;
			children = (
				A771D44220BBFBF300E0343A /* SYNavigationBackImage.png */,
				A771D44320BBFBF300E0343A /* SYNavigationBackImage@2x.png */,
				A771D44420BBFBF300E0343A /* SYNavigationBackImage@3x.png */,
			);
			path = SYResources;
			sourceTree = "<group>";
		};
		A771D48820BBFE5300E0343A /* SandboxFile */ = {
			isa = PBXGroup;
			children = (
				A771D48920BBFE5300E0343A /* SandboxFile.h */,
				A771D48A20BBFE5300E0343A /* SandboxFile.m */,
			);
			path = SandboxFile;
			sourceTree = "<group>";
		};
		A7B0C7AF1F7B472C003BB596 /* SYTools */ = {
			isa = PBXGroup;
			children = (
				A7B0C7B01F7B472C003BB596 /* SYCommons */,
				A7B0C7BC1F7B472C003BB596 /* SYFoundationTools */,
				A7B0C7C91F7B472C003BB596 /* SYLibsTools */,
				A7B0C7DC1F7B472C003BB596 /* SYToolsHeader.h */,
				A7B0C7DD1F7B472C003BB596 /* SYUITools */,
			);
			name = SYTools;
			path = ../../SYTools;
			sourceTree = "<group>";
		};
		A7B0C7B01F7B472C003BB596 /* SYCommons */ = {
			isa = PBXGroup;
			children = (
				A7B0C7B11F7B472C003BB596 /* SYCommon_color.h */,
				A7B0C7B21F7B472C003BB596 /* SYCommon_define.h */,
				A7B0C7B31F7B472C003BB596 /* SYCommon_Device.h */,
				A7B0C7B41F7B472C003BB596 /* SYCommon_FilePath.h */,
				A7B0C7B51F7B472C003BB596 /* SYCommon_font.h */,
				A7B0C7B61F7B472C003BB596 /* SYCommon_Image.h */,
				A7B0C7B71F7B472C003BB596 /* SYCommon_limit.h */,
				A7B0C7B81F7B472C003BB596 /* SYCommon_Markwords.h */,
				A7B0C7B91F7B472C003BB596 /* SYCommon_Symbol.h */,
				A7B0C7BA1F7B472C003BB596 /* SYCommon_time.h */,
			);
			path = SYCommons;
			sourceTree = "<group>";
		};
		A7B0C7BC1F7B472C003BB596 /* SYFoundationTools */ = {
			isa = PBXGroup;
			children = (
				A7B0C7BE1F7B472C003BB596 /* SYFoundationToolsHeader.h */,
				A7B0C7C11F7B472C003BB596 /* SYSecure */,
			);
			path = SYFoundationTools;
			sourceTree = "<group>";
		};
		A7B0C7C11F7B472C003BB596 /* SYSecure */ = {
			isa = PBXGroup;
			children = (
				A7B0C7C21F7B472C003BB596 /* MD5Secure.h */,
				A7B0C7C31F7B472C003BB596 /* MD5Secure.m */,
				A7B0C7C41F7B472C003BB596 /* SYSecureTools.h */,
			);
			path = SYSecure;
			sourceTree = "<group>";
		};
		A7B0C7C91F7B472C003BB596 /* SYLibsTools */ = {
			isa = PBXGroup;
			children = (
				A724B722215101AB0050CEBC /* SYWebImageView */,
				A771D48820BBFE5300E0343A /* SandboxFile */,
				A7B0C7CA1F7B472C003BB596 /* SYCacheManager */,
				A7B0C7CF1F7B472C003BB596 /* SYHUDManager */,
				A7B0C7D31F7B472C003BB596 /* SYLibsToolsHeader.h */,
				A7B0C7D41F7B472C003BB596 /* SYMJHeaderRefresh */,
				A7B0C7D91F7B472C003BB596 /* SYNetworkRequest */,
			);
			path = SYLibsTools;
			sourceTree = "<group>";
		};
		A7B0C7CA1F7B472C003BB596 /* SYCacheManager */ = {
			isa = PBXGroup;
			children = (
				A771D48120BBFC3F00E0343A /* SYCacheManager.h */,
				A771D48020BBFC3F00E0343A /* SYCacheManager.m */,
				A7B0C7CB1F7B472C003BB596 /* SYFMDBManager.h */,
				A7B0C7CC1F7B472C003BB596 /* SYFMDBManager.m */,
				A7B0C7CD1F7B472C003BB596 /* SYNetworkCache.h */,
				A7B0C7CE1F7B472C003BB596 /* SYNetworkCache.m */,
			);
			path = SYCacheManager;
			sourceTree = "<group>";
		};
		A7B0C7CF1F7B472C003BB596 /* SYHUDManager */ = {
			isa = PBXGroup;
			children = (
				A7B0C7D01F7B472C003BB596 /* HUDManager.h */,
				A7B0C7D11F7B472C003BB596 /* HUDManager.m */,
			);
			path = SYHUDManager;
			sourceTree = "<group>";
		};
		A7B0C7D41F7B472C003BB596 /* SYMJHeaderRefresh */ = {
			isa = PBXGroup;
			children = (
				A7B0C7D51F7B472C003BB596 /* MJDIYRefreshFooter.h */,
				A7B0C7D61F7B472C003BB596 /* MJDIYRefreshFooter.m */,
				A7B0C7D71F7B472C003BB596 /* MJDIYRefreshHeader.h */,
				A7B0C7D81F7B472C003BB596 /* MJDIYRefreshHeader.m */,
			);
			path = SYMJHeaderRefresh;
			sourceTree = "<group>";
		};
		A7B0C7D91F7B472C003BB596 /* SYNetworkRequest */ = {
			isa = PBXGroup;
			children = (
				A771D3C820BBF88100E0343A /* SYNetworkAFHTTPSessionManager.h */,
				A7B0C7DA1F7B472C003BB596 /* SYNetworkRequest.h */,
				A7B0C7DB1F7B472C003BB596 /* SYNetworkRequest.m */,
			);
			path = SYNetworkRequest;
			sourceTree = "<group>";
		};
		A7B0C7DD1F7B472C003BB596 /* SYUITools */ = {
			isa = PBXGroup;
			children = (
				A7B0C7DE1F7B472C003BB596 /* SYCollectionView.h */,
				A7B0C7DF1F7B472C003BB596 /* SYCollectionView.m */,
				A7B0C8051F7B472C003BB596 /* SYTableView.h */,
				A7B0C8061F7B472C003BB596 /* SYTableView.m */,
				A7B0C8071F7B472C003BB596 /* SYTextField.h */,
				A7B0C8081F7B472C003BB596 /* SYTextField.m */,
				A7B0C8091F7B472C003BB596 /* SYTextView.h */,
				A7B0C80A1F7B472C003BB596 /* SYTextView.m */,
				A7B0C8151F7B472C003BB596 /* SYUIToolsHeader.h */,
				A7B0C8161F7B472C003BB596 /* SYWebView.h */,
				A7B0C8171F7B472C003BB596 /* SYWebView.m */,
			);
			path = SYUITools;
			sourceTree = "<group>";
		};
/* End PBXGroup section */

/* Begin PBXNativeTarget section */
		A76379BA1EA0AFE00096433D /* DemoSYTools */ = {
			isa = PBXNativeTarget;
			buildConfigurationList = A76379E81EA0AFE00096433D /* Build configuration list for PBXNativeTarget "DemoSYTools" */;
			buildPhases = (
				A2BE2026F01D4C612FA5EC2E /* [CP] Check Pods Manifest.lock */,
				A76379B71EA0AFE00096433D /* Sources */,
				A76379B81EA0AFE00096433D /* Frameworks */,
				A76379B91EA0AFE00096433D /* Resources */,
				5110DEE0CF94D862EBA84E16 /* [CP] Embed Pods Frameworks */,
				67ACB9D7904C295665AF032D /* [CP] Copy Pods Resources */,
			);
			buildRules = (
			);
			dependencies = (
			);
			name = DemoSYTools;
			productName = DemoSYTools;
			productReference = A76379BB1EA0AFE00096433D /* DemoSYTools.app */;
			productType = "com.apple.product-type.application";
		};
		A76379D31EA0AFE00096433D /* DemoSYToolsTests */ = {
			isa = PBXNativeTarget;
			buildConfigurationList = A76379EB1EA0AFE00096433D /* Build configuration list for PBXNativeTarget "DemoSYToolsTests" */;
			buildPhases = (
				A76379D01EA0AFE00096433D /* Sources */,
				A76379D11EA0AFE00096433D /* Frameworks */,
				A76379D21EA0AFE00096433D /* Resources */,
			);
			buildRules = (
			);
			dependencies = (
				A76379D61EA0AFE00096433D /* PBXTargetDependency */,
			);
			name = DemoSYToolsTests;
			productName = DemoSYToolsTests;
			productReference = A76379D41EA0AFE00096433D /* DemoSYToolsTests.xctest */;
			productType = "com.apple.product-type.bundle.unit-test";
		};
		A76379DE1EA0AFE00096433D /* DemoSYToolsUITests */ = {
			isa = PBXNativeTarget;
			buildConfigurationList = A76379EE1EA0AFE00096433D /* Build configuration list for PBXNativeTarget "DemoSYToolsUITests" */;
			buildPhases = (
				A76379DB1EA0AFE00096433D /* Sources */,
				A76379DC1EA0AFE00096433D /* Frameworks */,
				A76379DD1EA0AFE00096433D /* Resources */,
			);
			buildRules = (
			);
			dependencies = (
				A76379E11EA0AFE00096433D /* PBXTargetDependency */,
			);
			name = DemoSYToolsUITests;
			productName = DemoSYToolsUITests;
			productReference = A76379DF1EA0AFE00096433D /* DemoSYToolsUITests.xctest */;
			productType = "com.apple.product-type.bundle.ui-testing";
		};
/* End PBXNativeTarget section */

/* Begin PBXProject section */
		A76379B31EA0AFE00096433D /* Project object */ = {
			isa = PBXProject;
			attributes = {
				LastUpgradeCheck = 0720;
				ORGANIZATIONNAME = zhangshaoyu;
				TargetAttributes = {
					A76379BA1EA0AFE00096433D = {
						CreatedOnToolsVersion = 7.2.1;
						ProvisioningStyle = Manual;
					};
					A76379D31EA0AFE00096433D = {
						CreatedOnToolsVersion = 7.2.1;
						TestTargetID = A76379BA1EA0AFE00096433D;
					};
					A76379DE1EA0AFE00096433D = {
						CreatedOnToolsVersion = 7.2.1;
						TestTargetID = A76379BA1EA0AFE00096433D;
					};
				};
			};
			buildConfigurationList = A76379B61EA0AFE00096433D /* Build configuration list for PBXProject "DemoSYTools" */;
			compatibilityVersion = "Xcode 3.2";
			developmentRegion = English;
			hasScannedForEncodings = 0;
			knownRegions = (
				en,
				Base,
			);
			mainGroup = A76379B21EA0AFE00096433D;
			productRefGroup = A76379BC1EA0AFE00096433D /* Products */;
			projectDirPath = "";
			projectRoot = "";
			targets = (
				A76379BA1EA0AFE00096433D /* DemoSYTools */,
				A76379D31EA0AFE00096433D /* DemoSYToolsTests */,
				A76379DE1EA0AFE00096433D /* DemoSYToolsUITests */,
			);
		};
/* End PBXProject section */

/* Begin PBXResourcesBuildPhase section */
		A76379B91EA0AFE00096433D /* Resources */ = {
			isa = PBXResourcesBuildPhase;
			buildActionMask = 2147483647;
			files = (
				A771D47F20BBFBF300E0343A /* SYNavigationBackImage@3x.png in Resources */,
				A76379CE1EA0AFE00096433D /* LaunchScreen.storyboard in Resources */,
				A771D44520BBFBF300E0343A /* README.md in Resources */,
				A76379CB1EA0AFE00096433D /* Assets.xcassets in Resources */,
				A771D47D20BBFBF300E0343A /* SYNavigationBackImage.png in Resources */,
				A771D47E20BBFBF300E0343A /* SYNavigationBackImage@2x.png in Resources */,
			);
			runOnlyForDeploymentPostprocessing = 0;
		};
		A76379D21EA0AFE00096433D /* Resources */ = {
			isa = PBXResourcesBuildPhase;
			buildActionMask = 2147483647;
			files = (
			);
			runOnlyForDeploymentPostprocessing = 0;
		};
		A76379DD1EA0AFE00096433D /* Resources */ = {
			isa = PBXResourcesBuildPhase;
			buildActionMask = 2147483647;
			files = (
			);
			runOnlyForDeploymentPostprocessing = 0;
		};
/* End PBXResourcesBuildPhase section */

/* Begin PBXShellScriptBuildPhase section */
		5110DEE0CF94D862EBA84E16 /* [CP] Embed Pods Frameworks */ = {
			isa = PBXShellScriptBuildPhase;
			buildActionMask = 2147483647;
			files = (
			);
			inputPaths = (
				"${SRCROOT}/Pods/Target Support Files/Pods-DemoSYTools/Pods-DemoSYTools-frameworks.sh",
				"${BUILT_PRODUCTS_DIR}/AFNetworking/AFNetworking.framework",
				"${BUILT_PRODUCTS_DIR}/FMDB/FMDB.framework",
				"${BUILT_PRODUCTS_DIR}/IQKeyboardManager/IQKeyboardManager.framework",
				"${BUILT_PRODUCTS_DIR}/LKDBHelper/LKDBHelper.framework",
				"${BUILT_PRODUCTS_DIR}/MBProgressHUD/MBProgressHUD.framework",
				"${BUILT_PRODUCTS_DIR}/MJRefresh/MJRefresh.framework",
				"${BUILT_PRODUCTS_DIR}/Masonry/Masonry.framework",
				"${BUILT_PRODUCTS_DIR}/ReactiveCocoa/ReactiveCocoa.framework",
				"${BUILT_PRODUCTS_DIR}/ReactiveSwift/ReactiveSwift.framework",
				"${BUILT_PRODUCTS_DIR}/RegexKitLite/RegexKitLite.framework",
				"${BUILT_PRODUCTS_DIR}/Result/Result.framework",
				"${BUILT_PRODUCTS_DIR}/SAMKeychain/SAMKeychain.framework",
				"${BUILT_PRODUCTS_DIR}/SDWebImage/SDWebImage.framework",
				"${BUILT_PRODUCTS_DIR}/YYKit/YYKit.framework",
				"${BUILT_PRODUCTS_DIR}/YYModel/YYModel.framework",
			);
			name = "[CP] Embed Pods Frameworks";
			outputPaths = (
				"${TARGET_BUILD_DIR}/${FRAMEWORKS_FOLDER_PATH}/AFNetworking.framework",
				"${TARGET_BUILD_DIR}/${FRAMEWORKS_FOLDER_PATH}/FMDB.framework",
				"${TARGET_BUILD_DIR}/${FRAMEWORKS_FOLDER_PATH}/IQKeyboardManager.framework",
				"${TARGET_BUILD_DIR}/${FRAMEWORKS_FOLDER_PATH}/LKDBHelper.framework",
				"${TARGET_BUILD_DIR}/${FRAMEWORKS_FOLDER_PATH}/MBProgressHUD.framework",
				"${TARGET_BUILD_DIR}/${FRAMEWORKS_FOLDER_PATH}/MJRefresh.framework",
				"${TARGET_BUILD_DIR}/${FRAMEWORKS_FOLDER_PATH}/Masonry.framework",
				"${TARGET_BUILD_DIR}/${FRAMEWORKS_FOLDER_PATH}/ReactiveCocoa.framework",
				"${TARGET_BUILD_DIR}/${FRAMEWORKS_FOLDER_PATH}/ReactiveSwift.framework",
				"${TARGET_BUILD_DIR}/${FRAMEWORKS_FOLDER_PATH}/RegexKitLite.framework",
				"${TARGET_BUILD_DIR}/${FRAMEWORKS_FOLDER_PATH}/Result.framework",
				"${TARGET_BUILD_DIR}/${FRAMEWORKS_FOLDER_PATH}/SAMKeychain.framework",
				"${TARGET_BUILD_DIR}/${FRAMEWORKS_FOLDER_PATH}/SDWebImage.framework",
				"${TARGET_BUILD_DIR}/${FRAMEWORKS_FOLDER_PATH}/YYKit.framework",
				"${TARGET_BUILD_DIR}/${FRAMEWORKS_FOLDER_PATH}/YYModel.framework",
			);
			runOnlyForDeploymentPostprocessing = 0;
			shellPath = /bin/sh;
			shellScript = "\"${SRCROOT}/Pods/Target Support Files/Pods-DemoSYTools/Pods-DemoSYTools-frameworks.sh\"\n";
			showEnvVarsInLog = 0;
		};
		67ACB9D7904C295665AF032D /* [CP] Copy Pods Resources */ = {
			isa = PBXShellScriptBuildPhase;
			buildActionMask = 2147483647;
			files = (
			);
			inputPaths = (
			);
			name = "[CP] Copy Pods Resources";
			outputPaths = (
			);
			runOnlyForDeploymentPostprocessing = 0;
			shellPath = /bin/sh;
			shellScript = "\"${SRCROOT}/Pods/Target Support Files/Pods-DemoSYTools/Pods-DemoSYTools-resources.sh\"\n";
			showEnvVarsInLog = 0;
		};
		A2BE2026F01D4C612FA5EC2E /* [CP] Check Pods Manifest.lock */ = {
			isa = PBXShellScriptBuildPhase;
			buildActionMask = 2147483647;
			files = (
			);
			inputPaths = (
				"${PODS_PODFILE_DIR_PATH}/Podfile.lock",
				"${PODS_ROOT}/Manifest.lock",
			);
			name = "[CP] Check Pods Manifest.lock";
			outputPaths = (
				"$(DERIVED_FILE_DIR)/Pods-DemoSYTools-checkManifestLockResult.txt",
			);
			runOnlyForDeploymentPostprocessing = 0;
			shellPath = /bin/sh;
			shellScript = "diff \"${PODS_PODFILE_DIR_PATH}/Podfile.lock\" \"${PODS_ROOT}/Manifest.lock\" > /dev/null\nif [ $? != 0 ] ; then\n    # print error to STDERR\n    echo \"error: The sandbox is not in sync with the Podfile.lock. Run 'pod install' or update your CocoaPods installation.\" >&2\n    exit 1\nfi\n# This output is used by Xcode 'outputs' to avoid re-running this script phase.\necho \"SUCCESS\" > \"${SCRIPT_OUTPUT_FILE_0}\"\n";
			showEnvVarsInLog = 0;
		};
/* End PBXShellScriptBuildPhase section */

/* Begin PBXSourcesBuildPhase section */
		A76379B71EA0AFE00096433D /* Sources */ = {
			isa = PBXSourcesBuildPhase;
			buildActionMask = 2147483647;
			files = (
				A771D44F20BBFBF300E0343A /* NSMutableString+SYCategory.m in Sources */,
				A771D47520BBFBF300E0343A /* UITableView+SYCategory.m in Sources */,
				A771D45220BBFBF300E0343A /* NSObject+SYCategory.m in Sources */,
				A7B0C83C1F7B472C003BB596 /* SYWebView.m in Sources */,
				A771D44D20BBFBF300E0343A /* NSMutableArray+SYCategory.m in Sources */,
				A76379C61EA0AFE00096433D /* ViewController.m in Sources */,
				A771D45C20BBFBF300E0343A /* NSTimer+SYCategory.m in Sources */,
				A724B725215101AB0050CEBC /* UIImageView+SYWebImageView.m in Sources */,
				A771D47A20BBFBF300E0343A /* UIView+SYCategory.m in Sources */,
				A771D47220BBFBF300E0343A /* UISlider+SYCategory.m in Sources */,
				A771D45D20BBFBF300E0343A /* NSURLConnection+SYCategory.m in Sources */,
				A771D45F20BBFBF300E0343A /* UIActionSheet+SYCategory.m in Sources */,
				A7B0C8251F7B472C003BB596 /* SYCollectionView.m in Sources */,
				A771D45920BBFBF300E0343A /* NSString+SYNetwork.m in Sources */,
				A771D45820BBFBF300E0343A /* NSString+SYJSON.m in Sources */,
				A7B0C8371F7B472C003BB596 /* SYTextView.m in Sources */,
				A7B0C8221F7B472C003BB596 /* MJDIYRefreshFooter.m in Sources */,
				A771D45620BBFBF300E0343A /* NSString+SYCategory.m in Sources */,
				A771D45720BBFBF300E0343A /* NSString+SYHtml.m in Sources */,
				A7B0C81F1F7B472C003BB596 /* SYNetworkCache.m in Sources */,
				A7B0C81E1F7B472C003BB596 /* SYFMDBManager.m in Sources */,
				A771D46420BBFBF300E0343A /* UICollectionView+SYCategory.m in Sources */,
				A771D44A20BBFBF300E0343A /* NSFileHandle+SYCategory.m in Sources */,
				A771D48C20BBFE5300E0343A /* SandboxFile.m in Sources */,
				A76379C31EA0AFE00096433D /* AppDelegate.m in Sources */,
				A771D46220BBFBF300E0343A /* UIBarButtonItem+SYCategory.m in Sources */,
				A771D46520BBFBF300E0343A /* UIColor+SYCategory.m in Sources */,
				A76379C01EA0AFE00096433D /* main.m in Sources */,
				A771D48220BBFC3F00E0343A /* SYCacheManager.m in Sources */,
				A771D46F20BBFBF300E0343A /* UINavigationController+SYCategory.m in Sources */,
				A771D46920BBFBF300E0343A /* UIImage+SYBytes.m in Sources */,
				A771D44720BBFBF300E0343A /* NSAttributedString+SYCategory.m in Sources */,
				A771D47620BBFBF300E0343A /* UITableViewCell+SYCategory.m in Sources */,
				A771D44E20BBFBF300E0343A /* NSMutableDictionary+SYCategory.m in Sources */,
				A7B0C8231F7B472C003BB596 /* MJDIYRefreshHeader.m in Sources */,
				A771D46320BBFBF300E0343A /* UIButton+SYCategory.m in Sources */,
				A771D47820BBFBF300E0343A /* UITextView+SYCategory.m in Sources */,
				A771D46B20BBFBF300E0343A /* UIImage+SYFilter.m in Sources */,
				A771D47920BBFBF300E0343A /* UIView+Status.m in Sources */,
				A7B0C81B1F7B472C003BB596 /* MD5Secure.m in Sources */,
				A771D44620BBFBF300E0343A /* NSArray+SYCategory.m in Sources */,
				A771D47720BBFBF300E0343A /* UITextField+SYCategory.m in Sources */,
				A771D44C20BBFBF300E0343A /* NSFileManager+SYCategory.m in Sources */,
				A771D46A20BBFBF300E0343A /* UIImage+SYCategory.m in Sources */,
				A771D45020BBFBF300E0343A /* NSNotificationCenter+SYCategory.m in Sources */,
				A7B0C8241F7B472C003BB596 /* SYNetworkRequest.m in Sources */,
				A771D44920BBFBF300E0343A /* NSDictionary+SYCategory.m in Sources */,
				A771D45120BBFBF300E0343A /* NSNumber+SYCategory.m in Sources */,
				A771D45A20BBFBF300E0343A /* NSString+SYRegular.m in Sources */,
				A771D44820BBFBF300E0343A /* NSDate+SYCategory.m in Sources */,
				A771D45E20BBFBF300E0343A /* NSUserDefaults+SYCategory.m in Sources */,
				A771D45520BBFBF300E0343A /* NSStream+SYCategory.m in Sources */,
				A771D47320BBFBF300E0343A /* UISwitch+SYCategory.m in Sources */,
				A771D45420BBFBF300E0343A /* NSPredicate+SYCategory.m in Sources */,
				A771D47420BBFBF300E0343A /* UITabBarController+SYCategory.m in Sources */,
				A771D47C20BBFBF300E0343A /* UIViewController+SYCategory.m in Sources */,
				A771D46D20BBFBF300E0343A /* UIImageView+SYCategory.m in Sources */,
				A771D47120BBFBF300E0343A /* UISegmentedControl+SYCategory.m in Sources */,
				A7B0C8361F7B472C003BB596 /* SYTextField.m in Sources */,
				A7B0C8351F7B472C003BB596 /* SYTableView.m in Sources */,
				A771D46720BBFBF300E0343A /* UIGestureRecognizer+SYCategory.m in Sources */,
				A771D45B20BBFBF300E0343A /* NSString+SYUUID.m in Sources */,
				A771D46620BBFBF300E0343A /* UIDocument+SYCategory.m in Sources */,
				A771D45320BBFBF300E0343A /* NSObject+SYKVO.m in Sources */,
				A771D44B20BBFBF300E0343A /* NSFileManager+iCloud.m in Sources */,
				A771D47B20BBFBF300E0343A /* UIView+SYRecognizer.m in Sources */,
				A771D46120BBFBF300E0343A /* UIAlertView+SYCategory.m in Sources */,
				A771D46E20BBFBF300E0343A /* UILabel+SYCategory.m in Sources */,
				A771D46020BBFBF300E0343A /* UIAlertController+SYCategory.m in Sources */,
				A7B0C8201F7B472C003BB596 /* HUDManager.m in Sources */,
				A771D47020BBFBF300E0343A /* UIScrollView+SYCategory.m in Sources */,
				A771D46820BBFBF300E0343A /* UIImage+SYAssetsLibrary.m in Sources */,
				A771D46C20BBFBF300E0343A /* UIImagePickerController+SYCategory.m in Sources */,
			);
			runOnlyForDeploymentPostprocessing = 0;
		};
		A76379D01EA0AFE00096433D /* Sources */ = {
			isa = PBXSourcesBuildPhase;
			buildActionMask = 2147483647;
			files = (
				A76379D91EA0AFE00096433D /* DemoSYToolsTests.m in Sources */,
			);
			runOnlyForDeploymentPostprocessing = 0;
		};
		A76379DB1EA0AFE00096433D /* Sources */ = {
			isa = PBXSourcesBuildPhase;
			buildActionMask = 2147483647;
			files = (
				A76379E41EA0AFE00096433D /* DemoSYToolsUITests.m in Sources */,
			);
			runOnlyForDeploymentPostprocessing = 0;
		};
/* End PBXSourcesBuildPhase section */

/* Begin PBXTargetDependency section */
		A76379D61EA0AFE00096433D /* PBXTargetDependency */ = {
			isa = PBXTargetDependency;
			target = A76379BA1EA0AFE00096433D /* DemoSYTools */;
			targetProxy = A76379D51EA0AFE00096433D /* PBXContainerItemProxy */;
		};
		A76379E11EA0AFE00096433D /* PBXTargetDependency */ = {
			isa = PBXTargetDependency;
			target = A76379BA1EA0AFE00096433D /* DemoSYTools */;
			targetProxy = A76379E01EA0AFE00096433D /* PBXContainerItemProxy */;
		};
/* End PBXTargetDependency section */

/* Begin PBXVariantGroup section */
		A76379CC1EA0AFE00096433D /* LaunchScreen.storyboard */ = {
			isa = PBXVariantGroup;
			children = (
				A76379CD1EA0AFE00096433D /* Base */,
			);
			name = LaunchScreen.storyboard;
			sourceTree = "<group>";
		};
/* End PBXVariantGroup section */

/* Begin XCBuildConfiguration section */
		A76379E61EA0AFE00096433D /* Debug */ = {
			isa = XCBuildConfiguration;
			buildSettings = {
				ALWAYS_SEARCH_USER_PATHS = NO;
				CLANG_CXX_LANGUAGE_STANDARD = "gnu++0x";
				CLANG_CXX_LIBRARY = "libc++";
				CLANG_ENABLE_MODULES = YES;
				CLANG_ENABLE_OBJC_ARC = YES;
				CLANG_WARN_BOOL_CONVERSION = YES;
				CLANG_WARN_CONSTANT_CONVERSION = YES;
				CLANG_WARN_DIRECT_OBJC_ISA_USAGE = YES_ERROR;
				CLANG_WARN_EMPTY_BODY = YES;
				CLANG_WARN_ENUM_CONVERSION = YES;
				CLANG_WARN_INT_CONVERSION = YES;
				CLANG_WARN_OBJC_ROOT_CLASS = YES_ERROR;
				CLANG_WARN_UNREACHABLE_CODE = YES;
				CLANG_WARN__DUPLICATE_METHOD_MATCH = YES;
				"CODE_SIGN_IDENTITY[sdk=iphoneos*]" = "iPhone Developer";
				COPY_PHASE_STRIP = NO;
				DEBUG_INFORMATION_FORMAT = dwarf;
				ENABLE_STRICT_OBJC_MSGSEND = YES;
				ENABLE_TESTABILITY = YES;
				GCC_C_LANGUAGE_STANDARD = gnu99;
				GCC_DYNAMIC_NO_PIC = NO;
				GCC_NO_COMMON_BLOCKS = YES;
				GCC_OPTIMIZATION_LEVEL = 0;
				GCC_PREPROCESSOR_DEFINITIONS = (
					"DEBUG=1",
					"$(inherited)",
				);
				GCC_WARN_64_TO_32_BIT_CONVERSION = YES;
				GCC_WARN_ABOUT_RETURN_TYPE = YES_ERROR;
				GCC_WARN_UNDECLARED_SELECTOR = YES;
				GCC_WARN_UNINITIALIZED_AUTOS = YES_AGGRESSIVE;
				GCC_WARN_UNUSED_FUNCTION = YES;
				GCC_WARN_UNUSED_VARIABLE = YES;
				IPHONEOS_DEPLOYMENT_TARGET = 8.0;
				MTL_ENABLE_DEBUG_INFO = YES;
				ONLY_ACTIVE_ARCH = YES;
				SDKROOT = iphoneos;
			};
			name = Debug;
		};
		A76379E71EA0AFE00096433D /* Release */ = {
			isa = XCBuildConfiguration;
			buildSettings = {
				ALWAYS_SEARCH_USER_PATHS = NO;
				CLANG_CXX_LANGUAGE_STANDARD = "gnu++0x";
				CLANG_CXX_LIBRARY = "libc++";
				CLANG_ENABLE_MODULES = YES;
				CLANG_ENABLE_OBJC_ARC = YES;
				CLANG_WARN_BOOL_CONVERSION = YES;
				CLANG_WARN_CONSTANT_CONVERSION = YES;
				CLANG_WARN_DIRECT_OBJC_ISA_USAGE = YES_ERROR;
				CLANG_WARN_EMPTY_BODY = YES;
				CLANG_WARN_ENUM_CONVERSION = YES;
				CLANG_WARN_INT_CONVERSION = YES;
				CLANG_WARN_OBJC_ROOT_CLASS = YES_ERROR;
				CLANG_WARN_UNREACHABLE_CODE = YES;
				CLANG_WARN__DUPLICATE_METHOD_MATCH = YES;
				"CODE_SIGN_IDENTITY[sdk=iphoneos*]" = "iPhone Developer";
				COPY_PHASE_STRIP = NO;
				DEBUG_INFORMATION_FORMAT = "dwarf-with-dsym";
				ENABLE_NS_ASSERTIONS = NO;
				ENABLE_STRICT_OBJC_MSGSEND = YES;
				GCC_C_LANGUAGE_STANDARD = gnu99;
				GCC_NO_COMMON_BLOCKS = YES;
				GCC_WARN_64_TO_32_BIT_CONVERSION = YES;
				GCC_WARN_ABOUT_RETURN_TYPE = YES_ERROR;
				GCC_WARN_UNDECLARED_SELECTOR = YES;
				GCC_WARN_UNINITIALIZED_AUTOS = YES_AGGRESSIVE;
				GCC_WARN_UNUSED_FUNCTION = YES;
				GCC_WARN_UNUSED_VARIABLE = YES;
				IPHONEOS_DEPLOYMENT_TARGET = 8.0;
				MTL_ENABLE_DEBUG_INFO = NO;
				SDKROOT = iphoneos;
				VALIDATE_PRODUCT = YES;
			};
			name = Release;
		};
		A76379E91EA0AFE00096433D /* Debug */ = {
			isa = XCBuildConfiguration;
			baseConfigurationReference = 427B7E03F7C94D6140E69FA6 /* Pods-DemoSYTools.debug.xcconfig */;
			buildSettings = {
				ASSETCATALOG_COMPILER_APPICON_NAME = AppIcon;
				CODE_SIGN_IDENTITY = "iPhone Developer";
				CODE_SIGN_STYLE = Manual;
				DEVELOPMENT_TEAM = "";
				INFOPLIST_FILE = DemoSYTools/Info.plist;
				IPHONEOS_DEPLOYMENT_TARGET = 8.0;
				LD_RUNPATH_SEARCH_PATHS = "$(inherited) @executable_path/Frameworks";
				PRODUCT_BUNDLE_IDENTIFIER = com.vstecs.DemoSYTools;
				PRODUCT_NAME = "$(TARGET_NAME)";
				PROVISIONING_PROFILE_SPECIFIER = "";
			};
			name = Debug;
		};
		A76379EA1EA0AFE00096433D /* Release */ = {
			isa = XCBuildConfiguration;
			baseConfigurationReference = DFE730265A897162403EB864 /* Pods-DemoSYTools.release.xcconfig */;
			buildSettings = {
				ASSETCATALOG_COMPILER_APPICON_NAME = AppIcon;
				CODE_SIGN_IDENTITY = "iPhone Developer";
				CODE_SIGN_STYLE = Manual;
				DEVELOPMENT_TEAM = "";
				INFOPLIST_FILE = DemoSYTools/Info.plist;
				IPHONEOS_DEPLOYMENT_TARGET = 8.0;
				LD_RUNPATH_SEARCH_PATHS = "$(inherited) @executable_path/Frameworks";
				PRODUCT_BUNDLE_IDENTIFIER = com.vstecs.DemoSYTools;
				PRODUCT_NAME = "$(TARGET_NAME)";
				PROVISIONING_PROFILE_SPECIFIER = "";
			};
			name = Release;
		};
		A76379EC1EA0AFE00096433D /* Debug */ = {
			isa = XCBuildConfiguration;
			buildSettings = {
				BUNDLE_LOADER = "$(TEST_HOST)";
				INFOPLIST_FILE = DemoSYToolsTests/Info.plist;
				LD_RUNPATH_SEARCH_PATHS = "$(inherited) @executable_path/Frameworks @loader_path/Frameworks";
				PRODUCT_BUNDLE_IDENTIFIER = com.vstecs.DemoSYToolsTests;
				PRODUCT_NAME = "$(TARGET_NAME)";
				TEST_HOST = "$(BUILT_PRODUCTS_DIR)/DemoSYTools.app/DemoSYTools";
			};
			name = Debug;
		};
		A76379ED1EA0AFE00096433D /* Release */ = {
			isa = XCBuildConfiguration;
			buildSettings = {
				BUNDLE_LOADER = "$(TEST_HOST)";
				INFOPLIST_FILE = DemoSYToolsTests/Info.plist;
				LD_RUNPATH_SEARCH_PATHS = "$(inherited) @executable_path/Frameworks @loader_path/Frameworks";
				PRODUCT_BUNDLE_IDENTIFIER = com.vstecs.DemoSYToolsTests;
				PRODUCT_NAME = "$(TARGET_NAME)";
				TEST_HOST = "$(BUILT_PRODUCTS_DIR)/DemoSYTools.app/DemoSYTools";
			};
			name = Release;
		};
		A76379EF1EA0AFE00096433D /* Debug */ = {
			isa = XCBuildConfiguration;
			buildSettings = {
				INFOPLIST_FILE = DemoSYToolsUITests/Info.plist;
				LD_RUNPATH_SEARCH_PATHS = "$(inherited) @executable_path/Frameworks @loader_path/Frameworks";
				PRODUCT_BUNDLE_IDENTIFIER = com.vstecs.DemoSYToolsUITests;
				PRODUCT_NAME = "$(TARGET_NAME)";
				TEST_TARGET_NAME = DemoSYTools;
				USES_XCTRUNNER = YES;
			};
			name = Debug;
		};
		A76379F01EA0AFE00096433D /* Release */ = {
			isa = XCBuildConfiguration;
			buildSettings = {
				INFOPLIST_FILE = DemoSYToolsUITests/Info.plist;
				LD_RUNPATH_SEARCH_PATHS = "$(inherited) @executable_path/Frameworks @loader_path/Frameworks";
				PRODUCT_BUNDLE_IDENTIFIER = com.vstecs.DemoSYToolsUITests;
				PRODUCT_NAME = "$(TARGET_NAME)";
				TEST_TARGET_NAME = DemoSYTools;
				USES_XCTRUNNER = YES;
			};
			name = Release;
		};
/* End XCBuildConfiguration section */

/* Begin XCConfigurationList section */
		A76379B61EA0AFE00096433D /* Build configuration list for PBXProject "DemoSYTools" */ = {
			isa = XCConfigurationList;
			buildConfigurations = (
				A76379E61EA0AFE00096433D /* Debug */,
				A76379E71EA0AFE00096433D /* Release */,
			);
			defaultConfigurationIsVisible = 0;
			defaultConfigurationName = Release;
		};
		A76379E81EA0AFE00096433D /* Build configuration list for PBXNativeTarget "DemoSYTools" */ = {
			isa = XCConfigurationList;
			buildConfigurations = (
				A76379E91EA0AFE00096433D /* Debug */,
				A76379EA1EA0AFE00096433D /* Release */,
			);
			defaultConfigurationIsVisible = 0;
			defaultConfigurationName = Release;
		};
		A76379EB1EA0AFE00096433D /* Build configuration list for PBXNativeTarget "DemoSYToolsTests" */ = {
			isa = XCConfigurationList;
			buildConfigurations = (
				A76379EC1EA0AFE00096433D /* Debug */,
				A76379ED1EA0AFE00096433D /* Release */,
			);
			defaultConfigurationIsVisible = 0;
			defaultConfigurationName = Release;
		};
		A76379EE1EA0AFE00096433D /* Build configuration list for PBXNativeTarget "DemoSYToolsUITests" */ = {
			isa = XCConfigurationList;
			buildConfigurations = (
				A76379EF1EA0AFE00096433D /* Debug */,
				A76379F01EA0AFE00096433D /* Release */,
			);
			defaultConfigurationIsVisible = 0;
			defaultConfigurationName = Release;
		};
/* End XCConfigurationList section */
	};
	rootObject = A76379B31EA0AFE00096433D /* Project object */;
}
